// !$*UTF8*$!
{
	archiveVersion = 1;
	classes = {
	};
	objectVersion = 56;
	objects = {

/* Begin PBXBuildFile section */
		3A0FCC0E2C481AC100A6B67F /* Localizable.xcstrings in Resources */ = {isa = PBXBuildFile; fileRef = 3A0FCC0D2C481AC100A6B67F /* Localizable.xcstrings */; };
		3A7DBC372C3E48A200FF9CEB /* NotesProApp.swift in Sources */ = {isa = PBXBuildFile; fileRef = 3A7DBC362C3E48A200FF9CEB /* NotesProApp.swift */; };
		3A7DBC3B2C3E48A400FF9CEB /* Assets.xcassets in Resources */ = {isa = PBXBuildFile; fileRef = 3A7DBC3A2C3E48A400FF9CEB /* Assets.xcassets */; };
		3A7DBC3E2C3E48A400FF9CEB /* Preview Assets.xcassets in Resources */ = {isa = PBXBuildFile; fileRef = 3A7DBC3D2C3E48A400FF9CEB /* Preview Assets.xcassets */; };
		3A7DBC4D2C3E48D300FF9CEB /* String+Extension.swift in Sources */ = {isa = PBXBuildFile; fileRef = 3A7DBC442C3E48D300FF9CEB /* String+Extension.swift */; };
		3A7DBC4E2C3E48D300FF9CEB /* AIService.swift in Sources */ = {isa = PBXBuildFile; fileRef = 3A7DBC462C3E48D300FF9CEB /* AIService.swift */; };
		3A7DBC4F2C3E48D300FF9CEB /* Constants.swift in Sources */ = {isa = PBXBuildFile; fileRef = 3A7DBC482C3E48D300FF9CEB /* Constants.swift */; };
		3A7DBC572C3E48E300FF9CEB /* DailyTask.swift in Sources */ = {isa = PBXBuildFile; fileRef = 3A7DBC512C3E48E300FF9CEB /* DailyTask.swift */; };
		3A7DBC582C3E48E300FF9CEB /* DailyTaskDefinition.swift in Sources */ = {isa = PBXBuildFile; fileRef = 3A7DBC522C3E48E300FF9CEB /* DailyTaskDefinition.swift */; };
		3A7DBC5A2C3E48E300FF9CEB /* Habit.swift in Sources */ = {isa = PBXBuildFile; fileRef = 3A7DBC542C3E48E300FF9CEB /* Habit.swift */; };
		3A7DBC602C3E48EC00FF9CEB /* NotesViewModel.swift in Sources */ = {isa = PBXBuildFile; fileRef = 3A7DBC5C2C3E48EC00FF9CEB /* NotesViewModel.swift */; };
		3A7DBC612C3E48EC00FF9CEB /* Row.swift in Sources */ = {isa = PBXBuildFile; fileRef = 3A7DBC5E2C3E48EC00FF9CEB /* Row.swift */; };
		3A7DBC682C3E48F700FF9CEB /* HabitsView.swift in Sources */ = {isa = PBXBuildFile; fileRef = 3A7DBC622C3E48F700FF9CEB /* HabitsView.swift */; };
		3A7DBC692C3E48F700FF9CEB /* MainView.swift in Sources */ = {isa = PBXBuildFile; fileRef = 3A7DBC632C3E48F700FF9CEB /* MainView.swift */; };
		3A7DBC6A2C3E48F700FF9CEB /* NoteEditorView.swift in Sources */ = {isa = PBXBuildFile; fileRef = 3A7DBC642C3E48F700FF9CEB /* NoteEditorView.swift */; };
		3A7DBC6B2C3E48F700FF9CEB /* NotesView.swift in Sources */ = {isa = PBXBuildFile; fileRef = 3A7DBC652C3E48F700FF9CEB /* NotesView.swift */; };
		3A7DBC6C2C3E48F700FF9CEB /* SettingsView.swift in Sources */ = {isa = PBXBuildFile; fileRef = 3A7DBC662C3E48F700FF9CEB /* SettingsView.swift */; };
		3AA0D1402C47672F0091D84B /* HabitDetailView.swift in Sources */ = {isa = PBXBuildFile; fileRef = 3AA0D13F2C47672F0091D84B /* HabitDetailView.swift */; };
		3AA0D1422C47673B0091D84B /* HabitListView.swift in Sources */ = {isa = PBXBuildFile; fileRef = 3AA0D1412C47673B0091D84B /* HabitListView.swift */; };
		3AA0D1452C4768040091D84B /* CheckboxTaskView.swift in Sources */ = {isa = PBXBuildFile; fileRef = 3AA0D1432C4768030091D84B /* CheckboxTaskView.swift */; };
		3AA0D1462C4768040091D84B /* CalendarView.swift in Sources */ = {isa = PBXBuildFile; fileRef = 3AA0D1442C4768030091D84B /* CalendarView.swift */; };
		3AA0D1492C47680F0091D84B /* CalendarViewModel.swift in Sources */ = {isa = PBXBuildFile; fileRef = 3AA0D1472C47680F0091D84B /* CalendarViewModel.swift */; };
		3AA0D14A2C47680F0091D84B /* HabitViewModel.swift in Sources */ = {isa = PBXBuildFile; fileRef = 3AA0D1482C47680F0091D84B /* HabitViewModel.swift */; };
		3AA0D14D2C4768510091D84B /* SwiftDataManager.swift in Sources */ = {isa = PBXBuildFile; fileRef = 3AA0D14C2C4768510091D84B /* SwiftDataManager.swift */; };
		3AA0D14F2C47686D0091D84B /* DayOfWeek.swift in Sources */ = {isa = PBXBuildFile; fileRef = 3AA0D14E2C47686D0091D84B /* DayOfWeek.swift */; };
		3AA0D1512C4768870091D84B /* View+Extension.swift in Sources */ = {isa = PBXBuildFile; fileRef = 3AA0D1502C4768870091D84B /* View+Extension.swift */; };
		3AA0D1542C4768B30091D84B /* HabitDataSource.swift in Sources */ = {isa = PBXBuildFile; fileRef = 3AA0D1532C4768B30091D84B /* HabitDataSource.swift */; };
		3AA0D1572C4768D30091D84B /* ResponseError.swift in Sources */ = {isa = PBXBuildFile; fileRef = 3AA0D1562C4768D30091D84B /* ResponseError.swift */; };
		3AA0D15A2C4769020091D84B /* Habit+Dummy.swift in Sources */ = {isa = PBXBuildFile; fileRef = 3AA0D1592C4769020091D84B /* Habit+Dummy.swift */; };
		CDAF88102C41149D005EA0B1 /* HabitsViewModel.swift in Sources */ = {isa = PBXBuildFile; fileRef = CDAF880F2C41149D005EA0B1 /* HabitsViewModel.swift */; };
		CDAF88122C411B3C005EA0B1 /* AddHabitView.swift in Sources */ = {isa = PBXBuildFile; fileRef = CDAF88112C411B3C005EA0B1 /* AddHabitView.swift */; };
		CDAF88162C41AA08005EA0B1 /* DetailTaskView.swift in Sources */ = {isa = PBXBuildFile; fileRef = CDAF88152C41AA08005EA0B1 /* DetailTaskView.swift */; };
		CDAF88512C46972C005EA0B1 /* ReminderService.swift in Sources */ = {isa = PBXBuildFile; fileRef = CDAF88502C46972C005EA0B1 /* ReminderService.swift */; };
		E61A4FC02C46C26B0049F0E6 /* GlobalSwiftDataService.swift in Sources */ = {isa = PBXBuildFile; fileRef = E61A4FBF2C46C2660049F0E6 /* GlobalSwiftDataService.swift */; };
		E66CAE6A2C462D4900CBAD48 /* AIOnboardingView.swift in Sources */ = {isa = PBXBuildFile; fileRef = E66CAE692C462D4900CBAD48 /* AIOnboardingView.swift */; };
		E66CAE6C2C46316000CBAD48 /* AIGeneratingView.swift in Sources */ = {isa = PBXBuildFile; fileRef = E66CAE6B2C46315C00CBAD48 /* AIGeneratingView.swift */; };
		E66CAE6E2C46345E00CBAD48 /* AIRecommendationVIew.swift in Sources */ = {isa = PBXBuildFile; fileRef = E66CAE6D2C46345900CBAD48 /* AIRecommendationVIew.swift */; };
		E671A9F62C4113830008E410 /* DailyHabitEntry.swift in Sources */ = {isa = PBXBuildFile; fileRef = E671A9F52C41137E0008E410 /* DailyHabitEntry.swift */; };
		E671A9F82C4119610008E410 /* AIPromptSheetView.swift in Sources */ = {isa = PBXBuildFile; fileRef = E671A9F72C4119520008E410 /* AIPromptSheetView.swift */; };
		E678581E2C46B0F200C09E38 /* Note.swift in Sources */ = {isa = PBXBuildFile; fileRef = E678581D2C46B0F100C09E38 /* Note.swift */; };
		E69767ED2C4506F30020316E /* AddHabitViewModel.swift in Sources */ = {isa = PBXBuildFile; fileRef = E69767EC2C4506EF0020316E /* AddHabitViewModel.swift */; };
		E69767EF2C4614740020316E /* AIChatView.swift in Sources */ = {isa = PBXBuildFile; fileRef = E69767EE2C46146D0020316E /* AIChatView.swift */; };
/* End PBXBuildFile section */

/* Begin PBXFileReference section */
		3A0FCC0D2C481AC100A6B67F /* Localizable.xcstrings */ = {isa = PBXFileReference; lastKnownFileType = text.json.xcstrings; path = Localizable.xcstrings; sourceTree = "<group>"; };
		3A7DBC332C3E48A200FF9CEB /* NotesPro.app */ = {isa = PBXFileReference; explicitFileType = wrapper.application; includeInIndex = 0; path = NotesPro.app; sourceTree = BUILT_PRODUCTS_DIR; };
		3A7DBC362C3E48A200FF9CEB /* NotesProApp.swift */ = {isa = PBXFileReference; lastKnownFileType = sourcecode.swift; path = NotesProApp.swift; sourceTree = "<group>"; };
		3A7DBC3A2C3E48A400FF9CEB /* Assets.xcassets */ = {isa = PBXFileReference; lastKnownFileType = folder.assetcatalog; path = Assets.xcassets; sourceTree = "<group>"; };
		3A7DBC3D2C3E48A400FF9CEB /* Preview Assets.xcassets */ = {isa = PBXFileReference; lastKnownFileType = folder.assetcatalog; path = "Preview Assets.xcassets"; sourceTree = "<group>"; };
		3A7DBC442C3E48D300FF9CEB /* String+Extension.swift */ = {isa = PBXFileReference; fileEncoding = 4; lastKnownFileType = sourcecode.swift; path = "String+Extension.swift"; sourceTree = "<group>"; };
		3A7DBC462C3E48D300FF9CEB /* AIService.swift */ = {isa = PBXFileReference; fileEncoding = 4; lastKnownFileType = sourcecode.swift; path = AIService.swift; sourceTree = "<group>"; };
		3A7DBC482C3E48D300FF9CEB /* Constants.swift */ = {isa = PBXFileReference; fileEncoding = 4; lastKnownFileType = sourcecode.swift; path = Constants.swift; sourceTree = "<group>"; };
		3A7DBC512C3E48E300FF9CEB /* DailyTask.swift */ = {isa = PBXFileReference; fileEncoding = 4; lastKnownFileType = sourcecode.swift; path = DailyTask.swift; sourceTree = "<group>"; };
		3A7DBC522C3E48E300FF9CEB /* DailyTaskDefinition.swift */ = {isa = PBXFileReference; fileEncoding = 4; lastKnownFileType = sourcecode.swift; path = DailyTaskDefinition.swift; sourceTree = "<group>"; };
		3A7DBC542C3E48E300FF9CEB /* Habit.swift */ = {isa = PBXFileReference; fileEncoding = 4; lastKnownFileType = sourcecode.swift; path = Habit.swift; sourceTree = "<group>"; };
		3A7DBC5C2C3E48EC00FF9CEB /* NotesViewModel.swift */ = {isa = PBXFileReference; fileEncoding = 4; lastKnownFileType = sourcecode.swift; path = NotesViewModel.swift; sourceTree = "<group>"; };
		3A7DBC5E2C3E48EC00FF9CEB /* Row.swift */ = {isa = PBXFileReference; fileEncoding = 4; lastKnownFileType = sourcecode.swift; path = Row.swift; sourceTree = "<group>"; };
		3A7DBC622C3E48F700FF9CEB /* HabitsView.swift */ = {isa = PBXFileReference; fileEncoding = 4; lastKnownFileType = sourcecode.swift; path = HabitsView.swift; sourceTree = "<group>"; };
		3A7DBC632C3E48F700FF9CEB /* MainView.swift */ = {isa = PBXFileReference; fileEncoding = 4; lastKnownFileType = sourcecode.swift; path = MainView.swift; sourceTree = "<group>"; };
		3A7DBC642C3E48F700FF9CEB /* NoteEditorView.swift */ = {isa = PBXFileReference; fileEncoding = 4; lastKnownFileType = sourcecode.swift; path = NoteEditorView.swift; sourceTree = "<group>"; };
		3A7DBC652C3E48F700FF9CEB /* NotesView.swift */ = {isa = PBXFileReference; fileEncoding = 4; lastKnownFileType = sourcecode.swift; path = NotesView.swift; sourceTree = "<group>"; };
		3A7DBC662C3E48F700FF9CEB /* SettingsView.swift */ = {isa = PBXFileReference; fileEncoding = 4; lastKnownFileType = sourcecode.swift; path = SettingsView.swift; sourceTree = "<group>"; };
		3AA0D13F2C47672F0091D84B /* HabitDetailView.swift */ = {isa = PBXFileReference; lastKnownFileType = sourcecode.swift; path = HabitDetailView.swift; sourceTree = "<group>"; };
		3AA0D1412C47673B0091D84B /* HabitListView.swift */ = {isa = PBXFileReference; lastKnownFileType = sourcecode.swift; path = HabitListView.swift; sourceTree = "<group>"; };
		3AA0D1432C4768030091D84B /* CheckboxTaskView.swift */ = {isa = PBXFileReference; fileEncoding = 4; lastKnownFileType = sourcecode.swift; path = CheckboxTaskView.swift; sourceTree = "<group>"; };
		3AA0D1442C4768030091D84B /* CalendarView.swift */ = {isa = PBXFileReference; fileEncoding = 4; lastKnownFileType = sourcecode.swift; path = CalendarView.swift; sourceTree = "<group>"; };
		3AA0D1472C47680F0091D84B /* CalendarViewModel.swift */ = {isa = PBXFileReference; fileEncoding = 4; lastKnownFileType = sourcecode.swift; path = CalendarViewModel.swift; sourceTree = "<group>"; };
		3AA0D1482C47680F0091D84B /* HabitViewModel.swift */ = {isa = PBXFileReference; fileEncoding = 4; lastKnownFileType = sourcecode.swift; path = HabitViewModel.swift; sourceTree = "<group>"; };
		3AA0D14C2C4768510091D84B /* SwiftDataManager.swift */ = {isa = PBXFileReference; fileEncoding = 4; lastKnownFileType = sourcecode.swift; path = SwiftDataManager.swift; sourceTree = "<group>"; };
		3AA0D14E2C47686D0091D84B /* DayOfWeek.swift */ = {isa = PBXFileReference; fileEncoding = 4; lastKnownFileType = sourcecode.swift; path = DayOfWeek.swift; sourceTree = "<group>"; };
		3AA0D1502C4768870091D84B /* View+Extension.swift */ = {isa = PBXFileReference; fileEncoding = 4; lastKnownFileType = sourcecode.swift; path = "View+Extension.swift"; sourceTree = "<group>"; };
		3AA0D1532C4768B30091D84B /* HabitDataSource.swift */ = {isa = PBXFileReference; fileEncoding = 4; lastKnownFileType = sourcecode.swift; path = HabitDataSource.swift; sourceTree = "<group>"; };
		3AA0D1562C4768D30091D84B /* ResponseError.swift */ = {isa = PBXFileReference; fileEncoding = 4; lastKnownFileType = sourcecode.swift; path = ResponseError.swift; sourceTree = "<group>"; };
		3AA0D1592C4769020091D84B /* Habit+Dummy.swift */ = {isa = PBXFileReference; fileEncoding = 4; lastKnownFileType = sourcecode.swift; path = "Habit+Dummy.swift"; sourceTree = "<group>"; };
		CDAF880F2C41149D005EA0B1 /* HabitsViewModel.swift */ = {isa = PBXFileReference; lastKnownFileType = sourcecode.swift; path = HabitsViewModel.swift; sourceTree = "<group>"; };
		CDAF88112C411B3C005EA0B1 /* AddHabitView.swift */ = {isa = PBXFileReference; lastKnownFileType = sourcecode.swift; path = AddHabitView.swift; sourceTree = "<group>"; };
		CDAF88152C41AA08005EA0B1 /* DetailTaskView.swift */ = {isa = PBXFileReference; lastKnownFileType = sourcecode.swift; path = DetailTaskView.swift; sourceTree = "<group>"; };
		CDAF88502C46972C005EA0B1 /* ReminderService.swift */ = {isa = PBXFileReference; lastKnownFileType = sourcecode.swift; path = ReminderService.swift; sourceTree = "<group>"; };
		E61A4FBF2C46C2660049F0E6 /* GlobalSwiftDataService.swift */ = {isa = PBXFileReference; lastKnownFileType = sourcecode.swift; path = GlobalSwiftDataService.swift; sourceTree = "<group>"; };
		E66CAE692C462D4900CBAD48 /* AIOnboardingView.swift */ = {isa = PBXFileReference; lastKnownFileType = sourcecode.swift; path = AIOnboardingView.swift; sourceTree = "<group>"; };
		E66CAE6B2C46315C00CBAD48 /* AIGeneratingView.swift */ = {isa = PBXFileReference; lastKnownFileType = sourcecode.swift; path = AIGeneratingView.swift; sourceTree = "<group>"; };
		E66CAE6D2C46345900CBAD48 /* AIRecommendationVIew.swift */ = {isa = PBXFileReference; lastKnownFileType = sourcecode.swift; path = AIRecommendationVIew.swift; sourceTree = "<group>"; };
		E671A9EB2C3EBE470008E410 /* SwiftData.md */ = {isa = PBXFileReference; lastKnownFileType = net.daringfireball.markdown; path = SwiftData.md; sourceTree = "<group>"; };
		E671A9F52C41137E0008E410 /* DailyHabitEntry.swift */ = {isa = PBXFileReference; lastKnownFileType = sourcecode.swift; path = DailyHabitEntry.swift; sourceTree = "<group>"; };
		E671A9F72C4119520008E410 /* AIPromptSheetView.swift */ = {isa = PBXFileReference; lastKnownFileType = sourcecode.swift; path = AIPromptSheetView.swift; sourceTree = "<group>"; };
		E678581D2C46B0F100C09E38 /* Note.swift */ = {isa = PBXFileReference; lastKnownFileType = sourcecode.swift; path = Note.swift; sourceTree = "<group>"; };
		E69767EC2C4506EF0020316E /* AddHabitViewModel.swift */ = {isa = PBXFileReference; lastKnownFileType = sourcecode.swift; path = AddHabitViewModel.swift; sourceTree = "<group>"; };
		E69767EE2C46146D0020316E /* AIChatView.swift */ = {isa = PBXFileReference; lastKnownFileType = sourcecode.swift; path = AIChatView.swift; sourceTree = "<group>"; };
/* End PBXFileReference section */

/* Begin PBXFrameworksBuildPhase section */
		3A7DBC302C3E48A200FF9CEB /* Frameworks */ = {
			isa = PBXFrameworksBuildPhase;
			buildActionMask = 2147483647;
			files = (
			);
			runOnlyForDeploymentPostprocessing = 0;
		};
/* End PBXFrameworksBuildPhase section */

/* Begin PBXGroup section */
		3A7DBC2A2C3E48A200FF9CEB = {
			isa = PBXGroup;
			children = (
				3A7DBC352C3E48A200FF9CEB /* NotesPro */,
				3A7DBC342C3E48A200FF9CEB /* Products */,
			);
			sourceTree = "<group>";
		};
		3A7DBC342C3E48A200FF9CEB /* Products */ = {
			isa = PBXGroup;
			children = (
				3A7DBC332C3E48A200FF9CEB /* NotesPro.app */,
			);
			name = Products;
			sourceTree = "<group>";
		};
		3A7DBC352C3E48A200FF9CEB /* NotesPro */ = {
			isa = PBXGroup;
			children = (
				3AA0D1522C4768990091D84B /* Protocols */,
				3A7DBC4C2C3E48D300FF9CEB /* Common */,
				3AA0D14B2C4768360091D84B /* Data */,
				3A7DBC562C3E48E300FF9CEB /* Model */,
				3A7DBC5F2C3E48EC00FF9CEB /* View */,
				3A7DBC5D2C3E48EC00FF9CEB /* ViewModel */,
				3A7DBC672C3E48F700FF9CEB /* Screen */,
				3A7DBC362C3E48A200FF9CEB /* NotesProApp.swift */,
				3A7DBC3A2C3E48A400FF9CEB /* Assets.xcassets */,
				3A7DBC3C2C3E48A400FF9CEB /* Preview Content */,
				3A0FCC0D2C481AC100A6B67F /* Localizable.xcstrings */,
			);
			path = NotesPro;
			sourceTree = "<group>";
		};
		3A7DBC3C2C3E48A400FF9CEB /* Preview Content */ = {
			isa = PBXGroup;
			children = (
				3A7DBC3D2C3E48A400FF9CEB /* Preview Assets.xcassets */,
			);
			path = "Preview Content";
			sourceTree = "<group>";
		};
		3A7DBC452C3E48D300FF9CEB /* Extension */ = {
			isa = PBXGroup;
			children = (
				3AA0D1502C4768870091D84B /* View+Extension.swift */,
				3A7DBC442C3E48D300FF9CEB /* String+Extension.swift */,
			);
			path = Extension;
			sourceTree = "<group>";
		};
		3A7DBC472C3E48D300FF9CEB /* Service */ = {
			isa = PBXGroup;
			children = (
				E61A4FBF2C46C2660049F0E6 /* GlobalSwiftDataService.swift */,
				3A7DBC462C3E48D300FF9CEB /* AIService.swift */,
				CDAF88502C46972C005EA0B1 /* ReminderService.swift */,
			);
			path = Service;
			sourceTree = "<group>";
		};
		3A7DBC492C3E48D300FF9CEB /* Utilities */ = {
			isa = PBXGroup;
			children = (
				3A7DBC482C3E48D300FF9CEB /* Constants.swift */,
			);
			path = Utilities;
			sourceTree = "<group>";
		};
		3A7DBC4C2C3E48D300FF9CEB /* Common */ = {
			isa = PBXGroup;
			children = (
				3AA0D1582C4768F50091D84B /* DummyData */,
				3AA0D1552C4768BE0091D84B /* Error */,
				3A7DBC452C3E48D300FF9CEB /* Extension */,
				3A7DBC472C3E48D300FF9CEB /* Service */,
				3A7DBC492C3E48D300FF9CEB /* Utilities */,
				E671A9EA2C3EBE420008E410 /* Docs */,
			);
			path = Common;
			sourceTree = "<group>";
		};
		3A7DBC562C3E48E300FF9CEB /* Model */ = {
			isa = PBXGroup;
			children = (
				3A7DBC542C3E48E300FF9CEB /* Habit.swift */,
				3A7DBC522C3E48E300FF9CEB /* DailyTaskDefinition.swift */,
				E671A9F52C41137E0008E410 /* DailyHabitEntry.swift */,
				3A7DBC512C3E48E300FF9CEB /* DailyTask.swift */,
				3AA0D14E2C47686D0091D84B /* DayOfWeek.swift */,
				E678581D2C46B0F100C09E38 /* Note.swift */,
			);
			path = Model;
			sourceTree = "<group>";
		};
		3A7DBC5D2C3E48EC00FF9CEB /* ViewModel */ = {
			isa = PBXGroup;
			children = (
				E69767EC2C4506EF0020316E /* AddHabitViewModel.swift */,
				3AA0D1472C47680F0091D84B /* CalendarViewModel.swift */,
				3A7DBC5C2C3E48EC00FF9CEB /* NotesViewModel.swift */,
				3AA0D1482C47680F0091D84B /* HabitViewModel.swift */,
				CDAF880F2C41149D005EA0B1 /* HabitsViewModel.swift */,
			);
			path = ViewModel;
			sourceTree = "<group>";
		};
		3A7DBC5F2C3E48EC00FF9CEB /* View */ = {
			isa = PBXGroup;
			children = (
				3AA0D1442C4768030091D84B /* CalendarView.swift */,
				3AA0D1432C4768030091D84B /* CheckboxTaskView.swift */,
				3A7DBC5E2C3E48EC00FF9CEB /* Row.swift */,
			);
			path = View;
			sourceTree = "<group>";
		};
		3A7DBC672C3E48F700FF9CEB /* Screen */ = {
			isa = PBXGroup;
			children = (
				E66CAE662C461AEC00CBAD48 /* AICreateHabit */,
				3A7DBC632C3E48F700FF9CEB /* MainView.swift */,
				3A7DBC642C3E48F700FF9CEB /* NoteEditorView.swift */,
				3A7DBC652C3E48F700FF9CEB /* NotesView.swift */,
				3A7DBC622C3E48F700FF9CEB /* HabitsView.swift */,
				CDAF88112C411B3C005EA0B1 /* AddHabitView.swift */,
				CDAF88152C41AA08005EA0B1 /* DetailTaskView.swift */,
				3AA0D1412C47673B0091D84B /* HabitListView.swift */,
				3AA0D13F2C47672F0091D84B /* HabitDetailView.swift */,
				3A7DBC662C3E48F700FF9CEB /* SettingsView.swift */,
			);
			path = Screen;
			sourceTree = "<group>";
		};
		3AA0D14B2C4768360091D84B /* Data */ = {
			isa = PBXGroup;
			children = (
				3AA0D14C2C4768510091D84B /* SwiftDataManager.swift */,
			);
			path = Data;
			sourceTree = "<group>";
		};
		3AA0D1522C4768990091D84B /* Protocols */ = {
			isa = PBXGroup;
			children = (
				3AA0D1532C4768B30091D84B /* HabitDataSource.swift */,
			);
			path = Protocols;
			sourceTree = "<group>";
		};
		3AA0D1552C4768BE0091D84B /* Error */ = {
			isa = PBXGroup;
			children = (
				3AA0D1562C4768D30091D84B /* ResponseError.swift */,
			);
			path = Error;
			sourceTree = "<group>";
		};
		3AA0D1582C4768F50091D84B /* DummyData */ = {
			isa = PBXGroup;
			children = (
				3AA0D1592C4769020091D84B /* Habit+Dummy.swift */,
			);
			path = DummyData;
			sourceTree = "<group>";
		};
		E66CAE662C461AEC00CBAD48 /* AICreateHabit */ = {
			isa = PBXGroup;
			children = (
				E671A9F72C4119520008E410 /* AIPromptSheetView.swift */,
				E66CAE692C462D4900CBAD48 /* AIOnboardingView.swift */,
				E69767EE2C46146D0020316E /* AIChatView.swift */,
				E66CAE6B2C46315C00CBAD48 /* AIGeneratingView.swift */,
				E66CAE6D2C46345900CBAD48 /* AIRecommendationVIew.swift */,
			);
			path = AICreateHabit;
			sourceTree = "<group>";
		};
		E671A9EA2C3EBE420008E410 /* Docs */ = {
			isa = PBXGroup;
			children = (
				E671A9EB2C3EBE470008E410 /* SwiftData.md */,
			);
			path = Docs;
			sourceTree = "<group>";
		};
/* End PBXGroup section */

/* Begin PBXNativeTarget section */
		3A7DBC322C3E48A200FF9CEB /* NotesPro */ = {
			isa = PBXNativeTarget;
			buildConfigurationList = 3A7DBC412C3E48A400FF9CEB /* Build configuration list for PBXNativeTarget "NotesPro" */;
			buildPhases = (
				3A7DBC2F2C3E48A200FF9CEB /* Sources */,
				3A7DBC302C3E48A200FF9CEB /* Frameworks */,
				3A7DBC312C3E48A200FF9CEB /* Resources */,
			);
			buildRules = (
			);
			dependencies = (
			);
			name = NotesPro;
			productName = NotesPro;
			productReference = 3A7DBC332C3E48A200FF9CEB /* NotesPro.app */;
			productType = "com.apple.product-type.application";
		};
/* End PBXNativeTarget section */

/* Begin PBXProject section */
		3A7DBC2B2C3E48A200FF9CEB /* Project object */ = {
			isa = PBXProject;
			attributes = {
				BuildIndependentTargetsInParallel = 1;
				LastSwiftUpdateCheck = 1540;
				LastUpgradeCheck = 1540;
				TargetAttributes = {
					3A7DBC322C3E48A200FF9CEB = {
						CreatedOnToolsVersion = 15.4;
					};
				};
			};
			buildConfigurationList = 3A7DBC2E2C3E48A200FF9CEB /* Build configuration list for PBXProject "NotesPro" */;
			compatibilityVersion = "Xcode 14.0";
			developmentRegion = en;
			hasScannedForEncodings = 0;
			knownRegions = (
				en,
				Base,
				id,
			);
			mainGroup = 3A7DBC2A2C3E48A200FF9CEB;
			productRefGroup = 3A7DBC342C3E48A200FF9CEB /* Products */;
			projectDirPath = "";
			projectRoot = "";
			targets = (
				3A7DBC322C3E48A200FF9CEB /* NotesPro */,
			);
		};
/* End PBXProject section */

/* Begin PBXResourcesBuildPhase section */
		3A7DBC312C3E48A200FF9CEB /* Resources */ = {
			isa = PBXResourcesBuildPhase;
			buildActionMask = 2147483647;
			files = (
				3A7DBC3E2C3E48A400FF9CEB /* Preview Assets.xcassets in Resources */,
				3A7DBC3B2C3E48A400FF9CEB /* Assets.xcassets in Resources */,
				3A0FCC0E2C481AC100A6B67F /* Localizable.xcstrings in Resources */,
			);
			runOnlyForDeploymentPostprocessing = 0;
		};
/* End PBXResourcesBuildPhase section */

/* Begin PBXSourcesBuildPhase section */
		3A7DBC2F2C3E48A200FF9CEB /* Sources */ = {
			isa = PBXSourcesBuildPhase;
			buildActionMask = 2147483647;
			files = (
				3AA0D1402C47672F0091D84B /* HabitDetailView.swift in Sources */,
				3AA0D14D2C4768510091D84B /* SwiftDataManager.swift in Sources */,
				3A7DBC4F2C3E48D300FF9CEB /* Constants.swift in Sources */,
				3AA0D15A2C4769020091D84B /* Habit+Dummy.swift in Sources */,
				3AA0D1462C4768040091D84B /* CalendarView.swift in Sources */,
				3A7DBC4E2C3E48D300FF9CEB /* AIService.swift in Sources */,
				3A7DBC6C2C3E48F700FF9CEB /* SettingsView.swift in Sources */,
				3A7DBC612C3E48EC00FF9CEB /* Row.swift in Sources */,
				3A7DBC582C3E48E300FF9CEB /* DailyTaskDefinition.swift in Sources */,
				E678581E2C46B0F200C09E38 /* Note.swift in Sources */,
				CDAF88122C411B3C005EA0B1 /* AddHabitView.swift in Sources */,
				3AA0D1492C47680F0091D84B /* CalendarViewModel.swift in Sources */,
				3A7DBC4D2C3E48D300FF9CEB /* String+Extension.swift in Sources */,
				3A7DBC572C3E48E300FF9CEB /* DailyTask.swift in Sources */,
				E66CAE6C2C46316000CBAD48 /* AIGeneratingView.swift in Sources */,
				CDAF88162C41AA08005EA0B1 /* DetailTaskView.swift in Sources */,
				3A7DBC6A2C3E48F700FF9CEB /* NoteEditorView.swift in Sources */,
				3AA0D1512C4768870091D84B /* View+Extension.swift in Sources */,
				3AA0D1452C4768040091D84B /* CheckboxTaskView.swift in Sources */,
				E66CAE6E2C46345E00CBAD48 /* AIRecommendationVIew.swift in Sources */,
				3A7DBC5A2C3E48E300FF9CEB /* Habit.swift in Sources */,
				E69767ED2C4506F30020316E /* AddHabitViewModel.swift in Sources */,
				E671A9F82C4119610008E410 /* AIPromptSheetView.swift in Sources */,
				CDAF88102C41149D005EA0B1 /* HabitsViewModel.swift in Sources */,
				3A7DBC602C3E48EC00FF9CEB /* NotesViewModel.swift in Sources */,
				3A7DBC6B2C3E48F700FF9CEB /* NotesView.swift in Sources */,
				3AA0D14A2C47680F0091D84B /* HabitViewModel.swift in Sources */,
				E69767EF2C4614740020316E /* AIChatView.swift in Sources */,
				3AA0D1422C47673B0091D84B /* HabitListView.swift in Sources */,
				3A7DBC372C3E48A200FF9CEB /* NotesProApp.swift in Sources */,
				E61A4FC02C46C26B0049F0E6 /* GlobalSwiftDataService.swift in Sources */,
				E671A9F62C4113830008E410 /* DailyHabitEntry.swift in Sources */,
				3AA0D1542C4768B30091D84B /* HabitDataSource.swift in Sources */,
				3A7DBC682C3E48F700FF9CEB /* HabitsView.swift in Sources */,
				3AA0D1572C4768D30091D84B /* ResponseError.swift in Sources */,
				E66CAE6A2C462D4900CBAD48 /* AIOnboardingView.swift in Sources */,
				3A7DBC682C3E48F700FF9CEB /* HabitsView.swift in Sources */,
				3AA0D14F2C47686D0091D84B /* DayOfWeek.swift in Sources */,
				3A7DBC692C3E48F700FF9CEB /* MainView.swift in Sources */,
				CDAF88512C46972C005EA0B1 /* ReminderService.swift in Sources */,
			);
			runOnlyForDeploymentPostprocessing = 0;
		};
/* End PBXSourcesBuildPhase section */

/* Begin XCBuildConfiguration section */
		3A7DBC3F2C3E48A400FF9CEB /* Debug */ = {
			isa = XCBuildConfiguration;
			buildSettings = {
				ALWAYS_SEARCH_USER_PATHS = NO;
				ASSETCATALOG_COMPILER_GENERATE_SWIFT_ASSET_SYMBOL_EXTENSIONS = YES;
				CLANG_ANALYZER_NONNULL = YES;
				CLANG_ANALYZER_NUMBER_OBJECT_CONVERSION = YES_AGGRESSIVE;
				CLANG_CXX_LANGUAGE_STANDARD = "gnu++20";
				CLANG_ENABLE_MODULES = YES;
				CLANG_ENABLE_OBJC_ARC = YES;
				CLANG_ENABLE_OBJC_WEAK = YES;
				CLANG_WARN_BLOCK_CAPTURE_AUTORELEASING = YES;
				CLANG_WARN_BOOL_CONVERSION = YES;
				CLANG_WARN_COMMA = YES;
				CLANG_WARN_CONSTANT_CONVERSION = YES;
				CLANG_WARN_DEPRECATED_OBJC_IMPLEMENTATIONS = YES;
				CLANG_WARN_DIRECT_OBJC_ISA_USAGE = YES_ERROR;
				CLANG_WARN_DOCUMENTATION_COMMENTS = YES;
				CLANG_WARN_EMPTY_BODY = YES;
				CLANG_WARN_ENUM_CONVERSION = YES;
				CLANG_WARN_INFINITE_RECURSION = YES;
				CLANG_WARN_INT_CONVERSION = YES;
				CLANG_WARN_NON_LITERAL_NULL_CONVERSION = YES;
				CLANG_WARN_OBJC_IMPLICIT_RETAIN_SELF = YES;
				CLANG_WARN_OBJC_LITERAL_CONVERSION = YES;
				CLANG_WARN_OBJC_ROOT_CLASS = YES_ERROR;
				CLANG_WARN_QUOTED_INCLUDE_IN_FRAMEWORK_HEADER = YES;
				CLANG_WARN_RANGE_LOOP_ANALYSIS = YES;
				CLANG_WARN_STRICT_PROTOTYPES = YES;
				CLANG_WARN_SUSPICIOUS_MOVE = YES;
				CLANG_WARN_UNGUARDED_AVAILABILITY = YES_AGGRESSIVE;
				CLANG_WARN_UNREACHABLE_CODE = YES;
				CLANG_WARN__DUPLICATE_METHOD_MATCH = YES;
				COPY_PHASE_STRIP = NO;
				DEBUG_INFORMATION_FORMAT = dwarf;
				ENABLE_STRICT_OBJC_MSGSEND = YES;
				ENABLE_TESTABILITY = YES;
				ENABLE_USER_SCRIPT_SANDBOXING = YES;
				GCC_C_LANGUAGE_STANDARD = gnu17;
				GCC_DYNAMIC_NO_PIC = NO;
				GCC_NO_COMMON_BLOCKS = YES;
				GCC_OPTIMIZATION_LEVEL = 0;
				GCC_PREPROCESSOR_DEFINITIONS = (
					"DEBUG=1",
					"$(inherited)",
				);
				GCC_WARN_64_TO_32_BIT_CONVERSION = YES;
				GCC_WARN_ABOUT_RETURN_TYPE = YES_ERROR;
				GCC_WARN_UNDECLARED_SELECTOR = YES;
				GCC_WARN_UNINITIALIZED_AUTOS = YES_AGGRESSIVE;
				GCC_WARN_UNUSED_FUNCTION = YES;
				GCC_WARN_UNUSED_VARIABLE = YES;
				IPHONEOS_DEPLOYMENT_TARGET = 17.5;
				LOCALIZATION_PREFERS_STRING_CATALOGS = YES;
				MTL_ENABLE_DEBUG_INFO = INCLUDE_SOURCE;
				MTL_FAST_MATH = YES;
				ONLY_ACTIVE_ARCH = YES;
				SDKROOT = iphoneos;
				SWIFT_ACTIVE_COMPILATION_CONDITIONS = "DEBUG $(inherited)";
				SWIFT_OPTIMIZATION_LEVEL = "-Onone";
			};
			name = Debug;
		};
		3A7DBC402C3E48A400FF9CEB /* Release */ = {
			isa = XCBuildConfiguration;
			buildSettings = {
				ALWAYS_SEARCH_USER_PATHS = NO;
				ASSETCATALOG_COMPILER_GENERATE_SWIFT_ASSET_SYMBOL_EXTENSIONS = YES;
				CLANG_ANALYZER_NONNULL = YES;
				CLANG_ANALYZER_NUMBER_OBJECT_CONVERSION = YES_AGGRESSIVE;
				CLANG_CXX_LANGUAGE_STANDARD = "gnu++20";
				CLANG_ENABLE_MODULES = YES;
				CLANG_ENABLE_OBJC_ARC = YES;
				CLANG_ENABLE_OBJC_WEAK = YES;
				CLANG_WARN_BLOCK_CAPTURE_AUTORELEASING = YES;
				CLANG_WARN_BOOL_CONVERSION = YES;
				CLANG_WARN_COMMA = YES;
				CLANG_WARN_CONSTANT_CONVERSION = YES;
				CLANG_WARN_DEPRECATED_OBJC_IMPLEMENTATIONS = YES;
				CLANG_WARN_DIRECT_OBJC_ISA_USAGE = YES_ERROR;
				CLANG_WARN_DOCUMENTATION_COMMENTS = YES;
				CLANG_WARN_EMPTY_BODY = YES;
				CLANG_WARN_ENUM_CONVERSION = YES;
				CLANG_WARN_INFINITE_RECURSION = YES;
				CLANG_WARN_INT_CONVERSION = YES;
				CLANG_WARN_NON_LITERAL_NULL_CONVERSION = YES;
				CLANG_WARN_OBJC_IMPLICIT_RETAIN_SELF = YES;
				CLANG_WARN_OBJC_LITERAL_CONVERSION = YES;
				CLANG_WARN_OBJC_ROOT_CLASS = YES_ERROR;
				CLANG_WARN_QUOTED_INCLUDE_IN_FRAMEWORK_HEADER = YES;
				CLANG_WARN_RANGE_LOOP_ANALYSIS = YES;
				CLANG_WARN_STRICT_PROTOTYPES = YES;
				CLANG_WARN_SUSPICIOUS_MOVE = YES;
				CLANG_WARN_UNGUARDED_AVAILABILITY = YES_AGGRESSIVE;
				CLANG_WARN_UNREACHABLE_CODE = YES;
				CLANG_WARN__DUPLICATE_METHOD_MATCH = YES;
				COPY_PHASE_STRIP = NO;
				DEBUG_INFORMATION_FORMAT = "dwarf-with-dsym";
				ENABLE_NS_ASSERTIONS = NO;
				ENABLE_STRICT_OBJC_MSGSEND = YES;
				ENABLE_USER_SCRIPT_SANDBOXING = YES;
				GCC_C_LANGUAGE_STANDARD = gnu17;
				GCC_NO_COMMON_BLOCKS = YES;
				GCC_WARN_64_TO_32_BIT_CONVERSION = YES;
				GCC_WARN_ABOUT_RETURN_TYPE = YES_ERROR;
				GCC_WARN_UNDECLARED_SELECTOR = YES;
				GCC_WARN_UNINITIALIZED_AUTOS = YES_AGGRESSIVE;
				GCC_WARN_UNUSED_FUNCTION = YES;
				GCC_WARN_UNUSED_VARIABLE = YES;
				IPHONEOS_DEPLOYMENT_TARGET = 17.5;
				LOCALIZATION_PREFERS_STRING_CATALOGS = YES;
				MTL_ENABLE_DEBUG_INFO = NO;
				MTL_FAST_MATH = YES;
				SDKROOT = iphoneos;
				SWIFT_COMPILATION_MODE = wholemodule;
				VALIDATE_PRODUCT = YES;
			};
			name = Release;
		};
		3A7DBC422C3E48A400FF9CEB /* Debug */ = {
			isa = XCBuildConfiguration;
			buildSettings = {
				ASSETCATALOG_COMPILER_APPICON_NAME = AppIcon;
				ASSETCATALOG_COMPILER_GLOBAL_ACCENT_COLOR_NAME = AccentColor;
				CODE_SIGN_STYLE = Automatic;
				CURRENT_PROJECT_VERSION = 1;
				DEVELOPMENT_ASSET_PATHS = "\"NotesPro/Preview Content\"";
				DEVELOPMENT_TEAM = J4KR4C3C23;
				ENABLE_PREVIEWS = YES;
				GENERATE_INFOPLIST_FILE = YES;
				INFOPLIST_KEY_UIApplicationSceneManifest_Generation = YES;
				INFOPLIST_KEY_UIApplicationSupportsIndirectInputEvents = YES;
				INFOPLIST_KEY_UILaunchScreen_Generation = YES;
				INFOPLIST_KEY_UISupportedInterfaceOrientations_iPad = "UIInterfaceOrientationPortrait UIInterfaceOrientationPortraitUpsideDown UIInterfaceOrientationLandscapeLeft UIInterfaceOrientationLandscapeRight";
				INFOPLIST_KEY_UISupportedInterfaceOrientations_iPhone = "UIInterfaceOrientationPortrait UIInterfaceOrientationLandscapeLeft UIInterfaceOrientationLandscapeRight";
				IPHONEOS_DEPLOYMENT_TARGET = 17.5;
				LD_RUNPATH_SEARCH_PATHS = (
					"$(inherited)",
					"@executable_path/Frameworks",
				);
				MARKETING_VERSION = 1.0;
				PRODUCT_BUNDLE_IDENTIFIER = id.helmproyek.notespro;
				PRODUCT_NAME = "$(TARGET_NAME)";
				SWIFT_EMIT_LOC_STRINGS = YES;
				SWIFT_VERSION = 5.0;
				TARGETED_DEVICE_FAMILY = "1,2";
			};
			name = Debug;
		};
		3A7DBC432C3E48A400FF9CEB /* Release */ = {
			isa = XCBuildConfiguration;
			buildSettings = {
				ASSETCATALOG_COMPILER_APPICON_NAME = AppIcon;
				ASSETCATALOG_COMPILER_GLOBAL_ACCENT_COLOR_NAME = AccentColor;
				CODE_SIGN_STYLE = Automatic;
				CURRENT_PROJECT_VERSION = 1;
				DEVELOPMENT_ASSET_PATHS = "\"NotesPro/Preview Content\"";
				DEVELOPMENT_TEAM = J4KR4C3C23;
				ENABLE_PREVIEWS = YES;
				GENERATE_INFOPLIST_FILE = YES;
				INFOPLIST_KEY_UIApplicationSceneManifest_Generation = YES;
				INFOPLIST_KEY_UIApplicationSupportsIndirectInputEvents = YES;
				INFOPLIST_KEY_UILaunchScreen_Generation = YES;
				INFOPLIST_KEY_UISupportedInterfaceOrientations_iPad = "UIInterfaceOrientationPortrait UIInterfaceOrientationPortraitUpsideDown UIInterfaceOrientationLandscapeLeft UIInterfaceOrientationLandscapeRight";
				INFOPLIST_KEY_UISupportedInterfaceOrientations_iPhone = "UIInterfaceOrientationPortrait UIInterfaceOrientationLandscapeLeft UIInterfaceOrientationLandscapeRight";
				IPHONEOS_DEPLOYMENT_TARGET = 17.5;
				LD_RUNPATH_SEARCH_PATHS = (
					"$(inherited)",
					"@executable_path/Frameworks",
				);
				MARKETING_VERSION = 1.0;
				PRODUCT_BUNDLE_IDENTIFIER = id.helmproyek.notespro;
				PRODUCT_NAME = "$(TARGET_NAME)";
				SWIFT_EMIT_LOC_STRINGS = YES;
				SWIFT_VERSION = 5.0;
				TARGETED_DEVICE_FAMILY = "1,2";
			};
			name = Release;
		};
/* End XCBuildConfiguration section */

/* Begin XCConfigurationList section */
		3A7DBC2E2C3E48A200FF9CEB /* Build configuration list for PBXProject "NotesPro" */ = {
			isa = XCConfigurationList;
			buildConfigurations = (
				3A7DBC3F2C3E48A400FF9CEB /* Debug */,
				3A7DBC402C3E48A400FF9CEB /* Release */,
			);
			defaultConfigurationIsVisible = 0;
			defaultConfigurationName = Release;
		};
		3A7DBC412C3E48A400FF9CEB /* Build configuration list for PBXNativeTarget "NotesPro" */ = {
			isa = XCConfigurationList;
			buildConfigurations = (
				3A7DBC422C3E48A400FF9CEB /* Debug */,
				3A7DBC432C3E48A400FF9CEB /* Release */,
			);
			defaultConfigurationIsVisible = 0;
			defaultConfigurationName = Release;
		};
/* End XCConfigurationList section */
	};
	rootObject = 3A7DBC2B2C3E48A200FF9CEB /* Project object */;
}
