// !$*UTF8*$!
{
	archiveVersion = 1;
	classes = {
	};
	objectVersion = 56;
	objects = {

/* Begin PBXBuildFile section */
		3A0FCC0E2C481AC100A6B67F /* Localizable.xcstrings in Resources */ = {isa = PBXBuildFile; fileRef = 3A0FCC0D2C481AC100A6B67F /* Localizable.xcstrings */; };
		3A0FCC172C4A45B700A6B67F /* HabitModel.swift in Sources */ = {isa = PBXBuildFile; fileRef = 3A0FCC162C4A45B700A6B67F /* HabitModel.swift */; };
		3A0FCC242C4A508D00A6B67F /* HabitRepositoryImpl.swift in Sources */ = {isa = PBXBuildFile; fileRef = 3A0FCC232C4A508D00A6B67F /* HabitRepositoryImpl.swift */; };
		3A0FCC2D2C4A57D200A6B67F /* HabitRepository.swift in Sources */ = {isa = PBXBuildFile; fileRef = 3A0FCC2C2C4A57D200A6B67F /* HabitRepository.swift */; };
		3A0FCC2F2C4A582100A6B67F /* AddHabitUseCase.swift in Sources */ = {isa = PBXBuildFile; fileRef = 3A0FCC2E2C4A582100A6B67F /* AddHabitUseCase.swift */; };
		3A0FCC312C4A584C00A6B67F /* DeleteHabitUseCase.swift in Sources */ = {isa = PBXBuildFile; fileRef = 3A0FCC302C4A584C00A6B67F /* DeleteHabitUseCase.swift */; };
		3A0FCC332C4A588400A6B67F /* UpdateHabitUseCase.swift in Sources */ = {isa = PBXBuildFile; fileRef = 3A0FCC322C4A588400A6B67F /* UpdateHabitUseCase.swift */; };
		3A0FCC362C4A59CA00A6B67F /* HabitDataSource.swift in Sources */ = {isa = PBXBuildFile; fileRef = 3A0FCC352C4A59CA00A6B67F /* HabitDataSource.swift */; };
		3A0FCC472C4C098F00A6B67F /* HabitEntryModel.swift in Sources */ = {isa = PBXBuildFile; fileRef = 3A0FCC462C4C098F00A6B67F /* HabitEntryModel.swift */; };
		3A0FCC4A2C4C922500A6B67F /* GetHabitsUseCase.swift in Sources */ = {isa = PBXBuildFile; fileRef = 3A0FCC492C4C922500A6B67F /* GetHabitsUseCase.swift */; };
		3A0FCC562C4CF20B00A6B67F /* TaskModel.swift in Sources */ = {isa = PBXBuildFile; fileRef = 3A0FCC552C4CF20B00A6B67F /* TaskModel.swift */; };
		3A0FCC5B2C4E8DF400A6B67F /* AddNewHabitView.swift in Sources */ = {isa = PBXBuildFile; fileRef = 3A0FCC5A2C4E8DF400A6B67F /* AddNewHabitView.swift */; };
		3A0FCC5D2C4E8E1400A6B67F /* AddNewHabitViewModel.swift in Sources */ = {isa = PBXBuildFile; fileRef = 3A0FCC5C2C4E8E1400A6B67F /* AddNewHabitViewModel.swift */; };
		3A0FCC612C4E907300A6B67F /* HabitListView.swift in Sources */ = {isa = PBXBuildFile; fileRef = 3A0FCC5E2C4E8FD300A6B67F /* HabitListView.swift */; };
		3A107A742C4F60B700EDD876 /* HabitEntryRepository.swift in Sources */ = {isa = PBXBuildFile; fileRef = 3A107A732C4F60B700EDD876 /* HabitEntryRepository.swift */; };
		3A107A8E2C4FF6A300EDD876 /* UpdateTaskUseCase.swift in Sources */ = {isa = PBXBuildFile; fileRef = 3A107A8D2C4FF6A300EDD876 /* UpdateTaskUseCase.swift */; };
		3A107A952C51CAA400EDD876 /* AppDIContainer.swift in Sources */ = {isa = PBXBuildFile; fileRef = 3A107A942C51CAA400EDD876 /* AppDIContainer.swift */; };
		3A107A972C51D6F900EDD876 /* UpdateHabitEntryUseCase.swift in Sources */ = {isa = PBXBuildFile; fileRef = 3A107A962C51D6F900EDD876 /* UpdateHabitEntryUseCase.swift */; };
		3A107A992C5201D900EDD876 /* HabitDetailViewModel.swift in Sources */ = {isa = PBXBuildFile; fileRef = 3A107A982C5201D900EDD876 /* HabitDetailViewModel.swift */; };
		3A107A9B2C52077800EDD876 /* GetHabitEntryUseCase.swift in Sources */ = {isa = PBXBuildFile; fileRef = 3A107A9A2C52077800EDD876 /* GetHabitEntryUseCase.swift */; };
		3A107AA42C527E3100EDD876 /* EditHabitViewModel.swift in Sources */ = {isa = PBXBuildFile; fileRef = 3A107AA32C527E3100EDD876 /* EditHabitViewModel.swift */; };
		3A107AA62C527E5A00EDD876 /* EditHabitView.swift in Sources */ = {isa = PBXBuildFile; fileRef = 3A107AA52C527E5A00EDD876 /* EditHabitView.swift */; };
		3A107AAA2C52ADB700EDD876 /* AppCoordinatorProtocol.swift in Sources */ = {isa = PBXBuildFile; fileRef = 3A107AA92C52ADB700EDD876 /* AppCoordinatorProtocol.swift */; };
		3A107AAC2C52ADC100EDD876 /* AppCoordinatorImpl.swift in Sources */ = {isa = PBXBuildFile; fileRef = 3A107AAB2C52ADC100EDD876 /* AppCoordinatorImpl.swift */; };
		3A107AFB2C591D7000EDD876 /* CheckboxTaskViewModel.swift in Sources */ = {isa = PBXBuildFile; fileRef = 3A107AFA2C591D7000EDD876 /* CheckboxTaskViewModel.swift */; };
		3A107B052C5A9BA900EDD876 /* AIHabitViewModel.swift in Sources */ = {isa = PBXBuildFile; fileRef = 3A107B042C5A9BA900EDD876 /* AIHabitViewModel.swift */; };
		3A107B092C5B05E600EDD876 /* DetailTaskViewModel.swift in Sources */ = {isa = PBXBuildFile; fileRef = 3A107B082C5B05E500EDD876 /* DetailTaskViewModel.swift */; };
		3A107B0E2C5B8FA400EDD876 /* TypewriterTextView.swift in Sources */ = {isa = PBXBuildFile; fileRef = 3A107B0D2C5B8FA400EDD876 /* TypewriterTextView.swift */; };
		3A107B112C5B908100EDD876 /* RecommendationsResponse.swift in Sources */ = {isa = PBXBuildFile; fileRef = 3A107B102C5B908100EDD876 /* RecommendationsResponse.swift */; };
		3A107B142C5B90F400EDD876 /* Recommendation.swift in Sources */ = {isa = PBXBuildFile; fileRef = 3A107B132C5B90F400EDD876 /* Recommendation.swift */; };
		3A107B172C5B912700EDD876 /* Message.swift in Sources */ = {isa = PBXBuildFile; fileRef = 3A107B162C5B912700EDD876 /* Message.swift */; };
		3A107B192C5B91A000EDD876 /* BotBubble.swift in Sources */ = {isa = PBXBuildFile; fileRef = 3A107B182C5B91A000EDD876 /* BotBubble.swift */; };
		3A107B1B2C5B91B400EDD876 /* UserBubble.swift in Sources */ = {isa = PBXBuildFile; fileRef = 3A107B1A2C5B91B400EDD876 /* UserBubble.swift */; };
		3A107B1D2C5B920900EDD876 /* RecommendationCard.swift in Sources */ = {isa = PBXBuildFile; fileRef = 3A107B1C2C5B920900EDD876 /* RecommendationCard.swift */; };
		3A107B1F2C5B949900EDD876 /* LLMBlockingResponse.swift in Sources */ = {isa = PBXBuildFile; fileRef = 3A107B1E2C5B949900EDD876 /* LLMBlockingResponse.swift */; };
		3A107B222C5B95D700EDD876 /* HabitRowView.swift in Sources */ = {isa = PBXBuildFile; fileRef = 3A107B212C5B95D700EDD876 /* HabitRowView.swift */; };
		3A13DCA22C626AE700EF253D /* MapperToDomain.swift in Sources */ = {isa = PBXBuildFile; fileRef = 3A13DCA12C626AE700EF253D /* MapperToDomain.swift */; };
		3A13DCA42C626AF800EF253D /* MapperToData.swift in Sources */ = {isa = PBXBuildFile; fileRef = 3A13DCA32C626AF800EF253D /* MapperToData.swift */; };
		3A17F69D2C61A43A00F93920 /* DailyTaskDefinition.swift in Sources */ = {isa = PBXBuildFile; fileRef = 3A17F69C2C61A43A00F93920 /* DailyTaskDefinition.swift */; };
		3A17F6A52C625D4000F93920 /* TaskRepository.swift in Sources */ = {isa = PBXBuildFile; fileRef = 3A17F6A42C625D4000F93920 /* TaskRepository.swift */; };
		3A17F6AD2C625E8200F93920 /* HabitEntryRepositoryImpl.swift in Sources */ = {isa = PBXBuildFile; fileRef = 3A17F6AC2C625E8200F93920 /* HabitEntryRepositoryImpl.swift */; };
		3A17F6B12C625E9D00F93920 /* TaskDataSource.swift in Sources */ = {isa = PBXBuildFile; fileRef = 3A17F6B02C625E9D00F93920 /* TaskDataSource.swift */; };
		3A17F6B32C625EAA00F93920 /* HabitEntryDataSource.swift in Sources */ = {isa = PBXBuildFile; fileRef = 3A17F6B22C625EAA00F93920 /* HabitEntryDataSource.swift */; };
		3A17F6C12C6268C700F93920 /* TaskRepositoryImpl.swift in Sources */ = {isa = PBXBuildFile; fileRef = 3A17F6C02C6268C700F93920 /* TaskRepositoryImpl.swift */; };
		3A7DBC372C3E48A200FF9CEB /* NotesProApp.swift in Sources */ = {isa = PBXBuildFile; fileRef = 3A7DBC362C3E48A200FF9CEB /* NotesProApp.swift */; };
		3A7DBC3B2C3E48A400FF9CEB /* Assets.xcassets in Resources */ = {isa = PBXBuildFile; fileRef = 3A7DBC3A2C3E48A400FF9CEB /* Assets.xcassets */; };
		3A7DBC3E2C3E48A400FF9CEB /* Preview Assets.xcassets in Resources */ = {isa = PBXBuildFile; fileRef = 3A7DBC3D2C3E48A400FF9CEB /* Preview Assets.xcassets */; };
		3A7DBC4E2C3E48D300FF9CEB /* AIService.swift in Sources */ = {isa = PBXBuildFile; fileRef = 3A7DBC462C3E48D300FF9CEB /* AIService.swift */; };
		3A7DBC572C3E48E300FF9CEB /* DailyTask.swift in Sources */ = {isa = PBXBuildFile; fileRef = 3A7DBC512C3E48E300FF9CEB /* DailyTask.swift */; };
		3A7DBC5A2C3E48E300FF9CEB /* Habit.swift in Sources */ = {isa = PBXBuildFile; fileRef = 3A7DBC542C3E48E300FF9CEB /* Habit.swift */; };
		3AA0D1402C47672F0091D84B /* HabitDetailView.swift in Sources */ = {isa = PBXBuildFile; fileRef = 3AA0D13F2C47672F0091D84B /* HabitDetailView.swift */; };
		3AA0D1452C4768040091D84B /* CheckboxTaskView.swift in Sources */ = {isa = PBXBuildFile; fileRef = 3AA0D1432C4768030091D84B /* CheckboxTaskView.swift */; };
		3AA0D1462C4768040091D84B /* CalendarView.swift in Sources */ = {isa = PBXBuildFile; fileRef = 3AA0D1442C4768030091D84B /* CalendarView.swift */; };
		3AA0D1492C47680F0091D84B /* CalendarViewModel.swift in Sources */ = {isa = PBXBuildFile; fileRef = 3AA0D1472C47680F0091D84B /* CalendarViewModel.swift */; };
		3AA0D14A2C47680F0091D84B /* HabitListViewModel.swift in Sources */ = {isa = PBXBuildFile; fileRef = 3AA0D1482C47680F0091D84B /* HabitListViewModel.swift */; };
		3AA0D14D2C4768510091D84B /* SwiftDataManager.swift in Sources */ = {isa = PBXBuildFile; fileRef = 3AA0D14C2C4768510091D84B /* SwiftDataManager.swift */; };
		3AA0D14F2C47686D0091D84B /* DayOfWeek.swift in Sources */ = {isa = PBXBuildFile; fileRef = 3AA0D14E2C47686D0091D84B /* DayOfWeek.swift */; };
		3AA0D1512C4768870091D84B /* View+Extension.swift in Sources */ = {isa = PBXBuildFile; fileRef = 3AA0D1502C4768870091D84B /* View+Extension.swift */; };
		3AA0D1572C4768D30091D84B /* ResponseError.swift in Sources */ = {isa = PBXBuildFile; fileRef = 3AA0D1562C4768D30091D84B /* ResponseError.swift */; };
		3AA0D15A2C4769020091D84B /* Habit+Dummy.swift in Sources */ = {isa = PBXBuildFile; fileRef = 3AA0D1592C4769020091D84B /* Habit+Dummy.swift */; };
		CDAF88162C41AA08005EA0B1 /* DetailTaskView.swift in Sources */ = {isa = PBXBuildFile; fileRef = CDAF88152C41AA08005EA0B1 /* DetailTaskView.swift */; };
		CDAF88512C46972C005EA0B1 /* ReminderService.swift in Sources */ = {isa = PBXBuildFile; fileRef = CDAF88502C46972C005EA0B1 /* ReminderService.swift */; };
		E66CAE6A2C462D4900CBAD48 /* AIOnboardingView.swift in Sources */ = {isa = PBXBuildFile; fileRef = E66CAE692C462D4900CBAD48 /* AIOnboardingView.swift */; };
		E671A9F62C4113830008E410 /* DailyHabitEntry.swift in Sources */ = {isa = PBXBuildFile; fileRef = E671A9F52C41137E0008E410 /* DailyHabitEntry.swift */; };
		E69767EF2C4614740020316E /* AIChatView.swift in Sources */ = {isa = PBXBuildFile; fileRef = E69767EE2C46146D0020316E /* AIChatView.swift */; };
/* End PBXBuildFile section */

/* Begin PBXFileReference section */
		3A0FCC0D2C481AC100A6B67F /* Localizable.xcstrings */ = {isa = PBXFileReference; lastKnownFileType = text.json.xcstrings; path = Localizable.xcstrings; sourceTree = "<group>"; };
		3A0FCC162C4A45B700A6B67F /* HabitModel.swift */ = {isa = PBXFileReference; lastKnownFileType = sourcecode.swift; path = HabitModel.swift; sourceTree = "<group>"; };
		3A0FCC232C4A508D00A6B67F /* HabitRepositoryImpl.swift */ = {isa = PBXFileReference; lastKnownFileType = sourcecode.swift; path = HabitRepositoryImpl.swift; sourceTree = "<group>"; };
		3A0FCC2C2C4A57D200A6B67F /* HabitRepository.swift */ = {isa = PBXFileReference; lastKnownFileType = sourcecode.swift; path = HabitRepository.swift; sourceTree = "<group>"; };
		3A0FCC2E2C4A582100A6B67F /* AddHabitUseCase.swift */ = {isa = PBXFileReference; lastKnownFileType = sourcecode.swift; path = AddHabitUseCase.swift; sourceTree = "<group>"; };
		3A0FCC302C4A584C00A6B67F /* DeleteHabitUseCase.swift */ = {isa = PBXFileReference; lastKnownFileType = sourcecode.swift; path = DeleteHabitUseCase.swift; sourceTree = "<group>"; };
		3A0FCC322C4A588400A6B67F /* UpdateHabitUseCase.swift */ = {isa = PBXFileReference; lastKnownFileType = sourcecode.swift; path = UpdateHabitUseCase.swift; sourceTree = "<group>"; };
		3A0FCC352C4A59CA00A6B67F /* HabitDataSource.swift */ = {isa = PBXFileReference; lastKnownFileType = sourcecode.swift; path = HabitDataSource.swift; sourceTree = "<group>"; };
		3A0FCC462C4C098F00A6B67F /* HabitEntryModel.swift */ = {isa = PBXFileReference; lastKnownFileType = sourcecode.swift; path = HabitEntryModel.swift; sourceTree = "<group>"; };
		3A0FCC492C4C922500A6B67F /* GetHabitsUseCase.swift */ = {isa = PBXFileReference; lastKnownFileType = sourcecode.swift; path = GetHabitsUseCase.swift; sourceTree = "<group>"; };
		3A0FCC552C4CF20B00A6B67F /* TaskModel.swift */ = {isa = PBXFileReference; lastKnownFileType = sourcecode.swift; path = TaskModel.swift; sourceTree = "<group>"; };
		3A0FCC5A2C4E8DF400A6B67F /* AddNewHabitView.swift */ = {isa = PBXFileReference; lastKnownFileType = sourcecode.swift; path = AddNewHabitView.swift; sourceTree = "<group>"; };
		3A0FCC5C2C4E8E1400A6B67F /* AddNewHabitViewModel.swift */ = {isa = PBXFileReference; lastKnownFileType = sourcecode.swift; path = AddNewHabitViewModel.swift; sourceTree = "<group>"; };
		3A0FCC5E2C4E8FD300A6B67F /* HabitListView.swift */ = {isa = PBXFileReference; lastKnownFileType = sourcecode.swift; path = HabitListView.swift; sourceTree = "<group>"; };
		3A107A732C4F60B700EDD876 /* HabitEntryRepository.swift */ = {isa = PBXFileReference; lastKnownFileType = sourcecode.swift; path = HabitEntryRepository.swift; sourceTree = "<group>"; };
		3A107A8D2C4FF6A300EDD876 /* UpdateTaskUseCase.swift */ = {isa = PBXFileReference; lastKnownFileType = sourcecode.swift; path = UpdateTaskUseCase.swift; sourceTree = "<group>"; };
		3A107A942C51CAA400EDD876 /* AppDIContainer.swift */ = {isa = PBXFileReference; lastKnownFileType = sourcecode.swift; path = AppDIContainer.swift; sourceTree = "<group>"; };
		3A107A962C51D6F900EDD876 /* UpdateHabitEntryUseCase.swift */ = {isa = PBXFileReference; lastKnownFileType = sourcecode.swift; path = UpdateHabitEntryUseCase.swift; sourceTree = "<group>"; };
		3A107A982C5201D900EDD876 /* HabitDetailViewModel.swift */ = {isa = PBXFileReference; lastKnownFileType = sourcecode.swift; path = HabitDetailViewModel.swift; sourceTree = "<group>"; };
		3A107A9A2C52077800EDD876 /* GetHabitEntryUseCase.swift */ = {isa = PBXFileReference; lastKnownFileType = sourcecode.swift; path = GetHabitEntryUseCase.swift; sourceTree = "<group>"; };
		3A107AA32C527E3100EDD876 /* EditHabitViewModel.swift */ = {isa = PBXFileReference; lastKnownFileType = sourcecode.swift; path = EditHabitViewModel.swift; sourceTree = "<group>"; };
		3A107AA52C527E5A00EDD876 /* EditHabitView.swift */ = {isa = PBXFileReference; lastKnownFileType = sourcecode.swift; path = EditHabitView.swift; sourceTree = "<group>"; };
		3A107AA92C52ADB700EDD876 /* AppCoordinatorProtocol.swift */ = {isa = PBXFileReference; lastKnownFileType = sourcecode.swift; path = AppCoordinatorProtocol.swift; sourceTree = "<group>"; };
		3A107AAB2C52ADC100EDD876 /* AppCoordinatorImpl.swift */ = {isa = PBXFileReference; lastKnownFileType = sourcecode.swift; path = AppCoordinatorImpl.swift; sourceTree = "<group>"; };
		3A107AFA2C591D7000EDD876 /* CheckboxTaskViewModel.swift */ = {isa = PBXFileReference; lastKnownFileType = sourcecode.swift; path = CheckboxTaskViewModel.swift; sourceTree = "<group>"; };
		3A107B042C5A9BA900EDD876 /* AIHabitViewModel.swift */ = {isa = PBXFileReference; lastKnownFileType = sourcecode.swift; path = AIHabitViewModel.swift; sourceTree = "<group>"; };
		3A107B082C5B05E500EDD876 /* DetailTaskViewModel.swift */ = {isa = PBXFileReference; lastKnownFileType = sourcecode.swift; path = DetailTaskViewModel.swift; sourceTree = "<group>"; };
		3A107B0D2C5B8FA400EDD876 /* TypewriterTextView.swift */ = {isa = PBXFileReference; lastKnownFileType = sourcecode.swift; path = TypewriterTextView.swift; sourceTree = "<group>"; };
		3A107B102C5B908100EDD876 /* RecommendationsResponse.swift */ = {isa = PBXFileReference; lastKnownFileType = sourcecode.swift; path = RecommendationsResponse.swift; sourceTree = "<group>"; };
		3A107B132C5B90F400EDD876 /* Recommendation.swift */ = {isa = PBXFileReference; lastKnownFileType = sourcecode.swift; path = Recommendation.swift; sourceTree = "<group>"; };
		3A107B162C5B912700EDD876 /* Message.swift */ = {isa = PBXFileReference; lastKnownFileType = sourcecode.swift; path = Message.swift; sourceTree = "<group>"; };
		3A107B182C5B91A000EDD876 /* BotBubble.swift */ = {isa = PBXFileReference; lastKnownFileType = sourcecode.swift; path = BotBubble.swift; sourceTree = "<group>"; };
		3A107B1A2C5B91B400EDD876 /* UserBubble.swift */ = {isa = PBXFileReference; lastKnownFileType = sourcecode.swift; path = UserBubble.swift; sourceTree = "<group>"; };
		3A107B1C2C5B920900EDD876 /* RecommendationCard.swift */ = {isa = PBXFileReference; lastKnownFileType = sourcecode.swift; path = RecommendationCard.swift; sourceTree = "<group>"; };
		3A107B1E2C5B949900EDD876 /* LLMBlockingResponse.swift */ = {isa = PBXFileReference; lastKnownFileType = sourcecode.swift; path = LLMBlockingResponse.swift; sourceTree = "<group>"; };
		3A107B212C5B95D700EDD876 /* HabitRowView.swift */ = {isa = PBXFileReference; lastKnownFileType = sourcecode.swift; path = HabitRowView.swift; sourceTree = "<group>"; };
		3A13DCA12C626AE700EF253D /* MapperToDomain.swift */ = {isa = PBXFileReference; lastKnownFileType = sourcecode.swift; path = MapperToDomain.swift; sourceTree = "<group>"; };
		3A13DCA32C626AF800EF253D /* MapperToData.swift */ = {isa = PBXFileReference; lastKnownFileType = sourcecode.swift; path = MapperToData.swift; sourceTree = "<group>"; };
		3A17F69C2C61A43A00F93920 /* DailyTaskDefinition.swift */ = {isa = PBXFileReference; lastKnownFileType = sourcecode.swift; path = DailyTaskDefinition.swift; sourceTree = "<group>"; };
		3A17F6A42C625D4000F93920 /* TaskRepository.swift */ = {isa = PBXFileReference; lastKnownFileType = sourcecode.swift; path = TaskRepository.swift; sourceTree = "<group>"; };
		3A17F6AC2C625E8200F93920 /* HabitEntryRepositoryImpl.swift */ = {isa = PBXFileReference; lastKnownFileType = sourcecode.swift; path = HabitEntryRepositoryImpl.swift; sourceTree = "<group>"; };
		3A17F6B02C625E9D00F93920 /* TaskDataSource.swift */ = {isa = PBXFileReference; lastKnownFileType = sourcecode.swift; path = TaskDataSource.swift; sourceTree = "<group>"; };
		3A17F6B22C625EAA00F93920 /* HabitEntryDataSource.swift */ = {isa = PBXFileReference; lastKnownFileType = sourcecode.swift; path = HabitEntryDataSource.swift; sourceTree = "<group>"; };
		3A17F6C02C6268C700F93920 /* TaskRepositoryImpl.swift */ = {isa = PBXFileReference; lastKnownFileType = sourcecode.swift; path = TaskRepositoryImpl.swift; sourceTree = "<group>"; };
		3A7DBC332C3E48A200FF9CEB /* NotesPro.app */ = {isa = PBXFileReference; explicitFileType = wrapper.application; includeInIndex = 0; path = NotesPro.app; sourceTree = BUILT_PRODUCTS_DIR; };
		3A7DBC362C3E48A200FF9CEB /* NotesProApp.swift */ = {isa = PBXFileReference; lastKnownFileType = sourcecode.swift; path = NotesProApp.swift; sourceTree = "<group>"; };
		3A7DBC3A2C3E48A400FF9CEB /* Assets.xcassets */ = {isa = PBXFileReference; lastKnownFileType = folder.assetcatalog; path = Assets.xcassets; sourceTree = "<group>"; };
		3A7DBC3D2C3E48A400FF9CEB /* Preview Assets.xcassets */ = {isa = PBXFileReference; lastKnownFileType = folder.assetcatalog; path = "Preview Assets.xcassets"; sourceTree = "<group>"; };
		3A7DBC462C3E48D300FF9CEB /* AIService.swift */ = {isa = PBXFileReference; fileEncoding = 4; lastKnownFileType = sourcecode.swift; path = AIService.swift; sourceTree = "<group>"; };
		3A7DBC512C3E48E300FF9CEB /* DailyTask.swift */ = {isa = PBXFileReference; fileEncoding = 4; lastKnownFileType = sourcecode.swift; path = DailyTask.swift; sourceTree = "<group>"; };
		3A7DBC542C3E48E300FF9CEB /* Habit.swift */ = {isa = PBXFileReference; fileEncoding = 4; lastKnownFileType = sourcecode.swift; path = Habit.swift; sourceTree = "<group>"; };
		3AA0D13F2C47672F0091D84B /* HabitDetailView.swift */ = {isa = PBXFileReference; lastKnownFileType = sourcecode.swift; path = HabitDetailView.swift; sourceTree = "<group>"; };
		3AA0D1432C4768030091D84B /* CheckboxTaskView.swift */ = {isa = PBXFileReference; fileEncoding = 4; lastKnownFileType = sourcecode.swift; path = CheckboxTaskView.swift; sourceTree = "<group>"; };
		3AA0D1442C4768030091D84B /* CalendarView.swift */ = {isa = PBXFileReference; fileEncoding = 4; lastKnownFileType = sourcecode.swift; path = CalendarView.swift; sourceTree = "<group>"; };
		3AA0D1472C47680F0091D84B /* CalendarViewModel.swift */ = {isa = PBXFileReference; fileEncoding = 4; lastKnownFileType = sourcecode.swift; path = CalendarViewModel.swift; sourceTree = "<group>"; };
		3AA0D1482C47680F0091D84B /* HabitListViewModel.swift */ = {isa = PBXFileReference; fileEncoding = 4; lastKnownFileType = sourcecode.swift; path = HabitListViewModel.swift; sourceTree = "<group>"; };
		3AA0D14C2C4768510091D84B /* SwiftDataManager.swift */ = {isa = PBXFileReference; fileEncoding = 4; lastKnownFileType = sourcecode.swift; path = SwiftDataManager.swift; sourceTree = "<group>"; };
		3AA0D14E2C47686D0091D84B /* DayOfWeek.swift */ = {isa = PBXFileReference; fileEncoding = 4; lastKnownFileType = sourcecode.swift; path = DayOfWeek.swift; sourceTree = "<group>"; };
		3AA0D1502C4768870091D84B /* View+Extension.swift */ = {isa = PBXFileReference; fileEncoding = 4; lastKnownFileType = sourcecode.swift; path = "View+Extension.swift"; sourceTree = "<group>"; };
		3AA0D1562C4768D30091D84B /* ResponseError.swift */ = {isa = PBXFileReference; fileEncoding = 4; lastKnownFileType = sourcecode.swift; path = ResponseError.swift; sourceTree = "<group>"; };
		3AA0D1592C4769020091D84B /* Habit+Dummy.swift */ = {isa = PBXFileReference; fileEncoding = 4; lastKnownFileType = sourcecode.swift; path = "Habit+Dummy.swift"; sourceTree = "<group>"; };
		CDAF88152C41AA08005EA0B1 /* DetailTaskView.swift */ = {isa = PBXFileReference; lastKnownFileType = sourcecode.swift; path = DetailTaskView.swift; sourceTree = "<group>"; };
		CDAF88502C46972C005EA0B1 /* ReminderService.swift */ = {isa = PBXFileReference; lastKnownFileType = sourcecode.swift; path = ReminderService.swift; sourceTree = "<group>"; };
		E66CAE692C462D4900CBAD48 /* AIOnboardingView.swift */ = {isa = PBXFileReference; lastKnownFileType = sourcecode.swift; path = AIOnboardingView.swift; sourceTree = "<group>"; };
		E671A9F52C41137E0008E410 /* DailyHabitEntry.swift */ = {isa = PBXFileReference; lastKnownFileType = sourcecode.swift; path = DailyHabitEntry.swift; sourceTree = "<group>"; };
		E69767EE2C46146D0020316E /* AIChatView.swift */ = {isa = PBXFileReference; lastKnownFileType = sourcecode.swift; path = AIChatView.swift; sourceTree = "<group>"; };
/* End PBXFileReference section */

/* Begin PBXFrameworksBuildPhase section */
		3A7DBC302C3E48A200FF9CEB /* Frameworks */ = {
			isa = PBXFrameworksBuildPhase;
			buildActionMask = 2147483647;
			files = (
			);
			runOnlyForDeploymentPostprocessing = 0;
		};
/* End PBXFrameworksBuildPhase section */

/* Begin PBXGroup section */
		3A0FCC0F2C4A43D000A6B67F /* Domain */ = {
			isa = PBXGroup;
			children = (
				3A107B242C5B99D300EDD876 /* DayOfWeek */,
				3A107B152C5B911600EDD876 /* Message */,
				3A107B122C5B90E500EDD876 /* Recommendation */,
				3A0FCC522C4CF1D500A6B67F /* Task */,
				3A0FCC442C4BEBAB00A6B67F /* HabitEntry */,
				3A0FCC102C4A43EF00A6B67F /* Habit */,
			);
			path = Domain;
			sourceTree = "<group>";
		};
		3A0FCC102C4A43EF00A6B67F /* Habit */ = {
			isa = PBXGroup;
			children = (
				3A0FCC142C4A449900A6B67F /* Model */,
				3A0FCC112C4A443300A6B67F /* UseCases */,
				3A0FCC132C4A449000A6B67F /* Repository */,
			);
			path = Habit;
			sourceTree = "<group>";
		};
		3A0FCC112C4A443300A6B67F /* UseCases */ = {
			isa = PBXGroup;
			children = (
				3A0FCC2E2C4A582100A6B67F /* AddHabitUseCase.swift */,
				3A0FCC492C4C922500A6B67F /* GetHabitsUseCase.swift */,
				3A0FCC322C4A588400A6B67F /* UpdateHabitUseCase.swift */,
				3A0FCC302C4A584C00A6B67F /* DeleteHabitUseCase.swift */,
			);
			path = UseCases;
			sourceTree = "<group>";
		};
		3A0FCC132C4A449000A6B67F /* Repository */ = {
			isa = PBXGroup;
			children = (
				3A0FCC2C2C4A57D200A6B67F /* HabitRepository.swift */,
			);
			path = Repository;
			sourceTree = "<group>";
		};
		3A0FCC142C4A449900A6B67F /* Model */ = {
			isa = PBXGroup;
			children = (
				3A0FCC162C4A45B700A6B67F /* HabitModel.swift */,
			);
			path = Model;
			sourceTree = "<group>";
		};
		3A0FCC412C4BE6C100A6B67F /* Presentation */ = {
			isa = PBXGroup;
			children = (
				3A0FCC432C4BE6D000A6B67F /* HabitList */,
				3A0FCC592C4E8DD600A6B67F /* AddNewHabit */,
				3A0FCC632C4E952700A6B67F /* HabitDetailView */,
				3A107AA22C527E1F00EDD876 /* EditHabit */,
				3A107B032C5A88DC00EDD876 /* AIHabit */,
				3A107AA72C528D9300EDD876 /* Utils */,
			);
			path = Presentation;
			sourceTree = "<group>";
		};
		3A0FCC432C4BE6D000A6B67F /* HabitList */ = {
			isa = PBXGroup;
			children = (
				3A107B202C5B95C100EDD876 /* Views */,
				3A0FCC5E2C4E8FD300A6B67F /* HabitListView.swift */,
				3AA0D1482C47680F0091D84B /* HabitListViewModel.swift */,
			);
			path = HabitList;
			sourceTree = "<group>";
		};
		3A0FCC442C4BEBAB00A6B67F /* HabitEntry */ = {
			isa = PBXGroup;
			children = (
				3A0FCC452C4C097600A6B67F /* Model */,
				3A17F6A02C625C6100F93920 /* UseCases */,
				3A107A722C4F608C00EDD876 /* Repository */,
			);
			path = HabitEntry;
			sourceTree = "<group>";
		};
		3A0FCC452C4C097600A6B67F /* Model */ = {
			isa = PBXGroup;
			children = (
				3A0FCC462C4C098F00A6B67F /* HabitEntryModel.swift */,
			);
			path = Model;
			sourceTree = "<group>";
		};
		3A0FCC522C4CF1D500A6B67F /* Task */ = {
			isa = PBXGroup;
			children = (
				3A0FCC542C4CF20000A6B67F /* Model */,
				3A17F6A12C625C7D00F93920 /* UseCases */,
				3A17F6A32C625D2B00F93920 /* Repository */,
			);
			path = Task;
			sourceTree = "<group>";
		};
		3A0FCC542C4CF20000A6B67F /* Model */ = {
			isa = PBXGroup;
			children = (
				3A0FCC552C4CF20B00A6B67F /* TaskModel.swift */,
			);
			path = Model;
			sourceTree = "<group>";
		};
		3A0FCC592C4E8DD600A6B67F /* AddNewHabit */ = {
			isa = PBXGroup;
			children = (
				3A0FCC5A2C4E8DF400A6B67F /* AddNewHabitView.swift */,
				3A0FCC5C2C4E8E1400A6B67F /* AddNewHabitViewModel.swift */,
			);
			path = AddNewHabit;
			sourceTree = "<group>";
		};
		3A0FCC622C4E90EA00A6B67F /* Components */ = {
			isa = PBXGroup;
			children = (
				3A107B072C5B05D500EDD876 /* DetailTask */,
				3A107A9F2C52571500EDD876 /* CheckboxTask */,
				3A107A9E2C52571100EDD876 /* Calendar */,
			);
			path = Components;
			sourceTree = "<group>";
		};
		3A0FCC632C4E952700A6B67F /* HabitDetailView */ = {
			isa = PBXGroup;
			children = (
				3AA0D13F2C47672F0091D84B /* HabitDetailView.swift */,
				3A107A982C5201D900EDD876 /* HabitDetailViewModel.swift */,
			);
			path = HabitDetailView;
			sourceTree = "<group>";
		};
		3A107A722C4F608C00EDD876 /* Repository */ = {
			isa = PBXGroup;
			children = (
				3A107A732C4F60B700EDD876 /* HabitEntryRepository.swift */,
			);
			path = Repository;
			sourceTree = "<group>";
		};
		3A107A932C51CA9500EDD876 /* Application */ = {
			isa = PBXGroup;
			children = (
				3A7DBC362C3E48A200FF9CEB /* NotesProApp.swift */,
				3A107AA82C52ADA500EDD876 /* Coordinator */,
				3A107AAD2C52B2C400EDD876 /* DIContainer */,
			);
			path = Application;
			sourceTree = "<group>";
		};
		3A107A9E2C52571100EDD876 /* Calendar */ = {
			isa = PBXGroup;
			children = (
				3AA0D1442C4768030091D84B /* CalendarView.swift */,
				3AA0D1472C47680F0091D84B /* CalendarViewModel.swift */,
			);
			path = Calendar;
			sourceTree = "<group>";
		};
		3A107A9F2C52571500EDD876 /* CheckboxTask */ = {
			isa = PBXGroup;
			children = (
				3AA0D1432C4768030091D84B /* CheckboxTaskView.swift */,
				3A107AFA2C591D7000EDD876 /* CheckboxTaskViewModel.swift */,
			);
			path = CheckboxTask;
			sourceTree = "<group>";
		};
		3A107AA22C527E1F00EDD876 /* EditHabit */ = {
			isa = PBXGroup;
			children = (
				3A107AA32C527E3100EDD876 /* EditHabitViewModel.swift */,
				3A107AA52C527E5A00EDD876 /* EditHabitView.swift */,
			);
			path = EditHabit;
			sourceTree = "<group>";
		};
		3A107AA72C528D9300EDD876 /* Utils */ = {
			isa = PBXGroup;
			children = (
				3A107B232C5B998400EDD876 /* Extensions */,
				3A0FCC622C4E90EA00A6B67F /* Components */,
			);
			path = Utils;
			sourceTree = "<group>";
		};
		3A107AA82C52ADA500EDD876 /* Coordinator */ = {
			isa = PBXGroup;
			children = (
				3A107AA92C52ADB700EDD876 /* AppCoordinatorProtocol.swift */,
				3A107AAB2C52ADC100EDD876 /* AppCoordinatorImpl.swift */,
			);
			path = Coordinator;
			sourceTree = "<group>";
		};
		3A107AAD2C52B2C400EDD876 /* DIContainer */ = {
			isa = PBXGroup;
			children = (
				3A107A942C51CAA400EDD876 /* AppDIContainer.swift */,
			);
			path = DIContainer;
			sourceTree = "<group>";
		};
		3A107B032C5A88DC00EDD876 /* AIHabit */ = {
			isa = PBXGroup;
			children = (
				3A107B0A2C5B8EDA00EDD876 /* Views */,
				E66CAE692C462D4900CBAD48 /* AIOnboardingView.swift */,
				E69767EE2C46146D0020316E /* AIChatView.swift */,
				3A107B042C5A9BA900EDD876 /* AIHabitViewModel.swift */,
			);
			path = AIHabit;
			sourceTree = "<group>";
		};
		3A107B062C5B05AC00EDD876 /* AIService */ = {
			isa = PBXGroup;
			children = (
				3A107B0F2C5B900F00EDD876 /* Model */,
				3A7DBC462C3E48D300FF9CEB /* AIService.swift */,
			);
			path = AIService;
			sourceTree = "<group>";
		};
		3A107B072C5B05D500EDD876 /* DetailTask */ = {
			isa = PBXGroup;
			children = (
				CDAF88152C41AA08005EA0B1 /* DetailTaskView.swift */,
				3A107B082C5B05E500EDD876 /* DetailTaskViewModel.swift */,
			);
			path = DetailTask;
			sourceTree = "<group>";
		};
		3A107B0A2C5B8EDA00EDD876 /* Views */ = {
			isa = PBXGroup;
			children = (
				3A107B0D2C5B8FA400EDD876 /* TypewriterTextView.swift */,
				3A107B182C5B91A000EDD876 /* BotBubble.swift */,
				3A107B1A2C5B91B400EDD876 /* UserBubble.swift */,
				3A107B1C2C5B920900EDD876 /* RecommendationCard.swift */,
			);
			path = Views;
			sourceTree = "<group>";
		};
		3A107B0F2C5B900F00EDD876 /* Model */ = {
			isa = PBXGroup;
			children = (
				3A107B102C5B908100EDD876 /* RecommendationsResponse.swift */,
				3A107B1E2C5B949900EDD876 /* LLMBlockingResponse.swift */,
			);
			path = Model;
			sourceTree = "<group>";
		};
		3A107B122C5B90E500EDD876 /* Recommendation */ = {
			isa = PBXGroup;
			children = (
				3A107B132C5B90F400EDD876 /* Recommendation.swift */,
			);
			path = Recommendation;
			sourceTree = "<group>";
		};
		3A107B152C5B911600EDD876 /* Message */ = {
			isa = PBXGroup;
			children = (
				3A107B162C5B912700EDD876 /* Message.swift */,
			);
			path = Message;
			sourceTree = "<group>";
		};
		3A107B202C5B95C100EDD876 /* Views */ = {
			isa = PBXGroup;
			children = (
				3A107B212C5B95D700EDD876 /* HabitRowView.swift */,
			);
			path = Views;
			sourceTree = "<group>";
		};
		3A107B232C5B998400EDD876 /* Extensions */ = {
			isa = PBXGroup;
			children = (
				3AA0D1502C4768870091D84B /* View+Extension.swift */,
			);
			path = Extensions;
			sourceTree = "<group>";
		};
		3A107B242C5B99D300EDD876 /* DayOfWeek */ = {
			isa = PBXGroup;
			children = (
				3AA0D14E2C47686D0091D84B /* DayOfWeek.swift */,
			);
			path = DayOfWeek;
			sourceTree = "<group>";
		};
		3A107B262C5B9A2F00EDD876 /* Utils */ = {
			isa = PBXGroup;
			children = (
				3AA0D1552C4768BE0091D84B /* Error */,
				3AA0D1582C4768F50091D84B /* DummyData */,
			);
			path = Utils;
			sourceTree = "<group>";
		};
		3A107B272C5B9C5400EDD876 /* ReminderService */ = {
			isa = PBXGroup;
			children = (
				CDAF88502C46972C005EA0B1 /* ReminderService.swift */,
			);
			path = ReminderService;
			sourceTree = "<group>";
		};
		3A13DCA52C626B6600EF253D /* Models */ = {
			isa = PBXGroup;
			children = (
				3A7DBC542C3E48E300FF9CEB /* Habit.swift */,
				E671A9F52C41137E0008E410 /* DailyHabitEntry.swift */,
				3A7DBC512C3E48E300FF9CEB /* DailyTask.swift */,
				3A17F69C2C61A43A00F93920 /* DailyTaskDefinition.swift */,
			);
			path = Models;
			sourceTree = "<group>";
		};
		3A17F6A02C625C6100F93920 /* UseCases */ = {
			isa = PBXGroup;
			children = (
				3A107A9A2C52077800EDD876 /* GetHabitEntryUseCase.swift */,
				3A107A962C51D6F900EDD876 /* UpdateHabitEntryUseCase.swift */,
			);
			path = UseCases;
			sourceTree = "<group>";
		};
		3A17F6A12C625C7D00F93920 /* UseCases */ = {
			isa = PBXGroup;
			children = (
				3A107A8D2C4FF6A300EDD876 /* UpdateTaskUseCase.swift */,
			);
			path = UseCases;
			sourceTree = "<group>";
		};
		3A17F6A32C625D2B00F93920 /* Repository */ = {
			isa = PBXGroup;
			children = (
				3A17F6A42C625D4000F93920 /* TaskRepository.swift */,
			);
			path = Repository;
			sourceTree = "<group>";
		};
		3A17F6B92C6261F200F93920 /* SwiftData */ = {
			isa = PBXGroup;
			children = (
				3AA0D14C2C4768510091D84B /* SwiftDataManager.swift */,
				3A13DCA52C626B6600EF253D /* Models */,
				3A17F6BB2C62632D00F93920 /* Mappers */,
			);
			path = SwiftData;
			sourceTree = "<group>";
		};
		3A17F6BA2C6262BD00F93920 /* Repositories */ = {
			isa = PBXGroup;
			children = (
				3A0FCC232C4A508D00A6B67F /* HabitRepositoryImpl.swift */,
				3A17F6AC2C625E8200F93920 /* HabitEntryRepositoryImpl.swift */,
				3A17F6C02C6268C700F93920 /* TaskRepositoryImpl.swift */,
			);
			path = Repositories;
			sourceTree = "<group>";
		};
		3A17F6BB2C62632D00F93920 /* Mappers */ = {
			isa = PBXGroup;
			children = (
				3A13DCA12C626AE700EF253D /* MapperToDomain.swift */,
				3A13DCA32C626AF800EF253D /* MapperToData.swift */,
			);
			path = Mappers;
			sourceTree = "<group>";
		};
		3A17F6BC2C6267B800F93920 /* Local */ = {
			isa = PBXGroup;
			children = (
				3A17F6BA2C6262BD00F93920 /* Repositories */,
				3A17F6BD2C6267C200F93920 /* DataSources */,
				3A17F6B92C6261F200F93920 /* SwiftData */,
			);
			path = Local;
			sourceTree = "<group>";
		};
		3A17F6BD2C6267C200F93920 /* DataSources */ = {
			isa = PBXGroup;
			children = (
				3A0FCC352C4A59CA00A6B67F /* HabitDataSource.swift */,
				3A17F6B22C625EAA00F93920 /* HabitEntryDataSource.swift */,
				3A17F6B02C625E9D00F93920 /* TaskDataSource.swift */,
			);
			path = DataSources;
			sourceTree = "<group>";
		};
		3A7DBC2A2C3E48A200FF9CEB = {
			isa = PBXGroup;
			children = (
				3A7DBC352C3E48A200FF9CEB /* NotesPro */,
				3A7DBC342C3E48A200FF9CEB /* Products */,
			);
			sourceTree = "<group>";
		};
		3A7DBC342C3E48A200FF9CEB /* Products */ = {
			isa = PBXGroup;
			children = (
				3A7DBC332C3E48A200FF9CEB /* NotesPro.app */,
			);
			name = Products;
			sourceTree = "<group>";
		};
		3A7DBC352C3E48A200FF9CEB /* NotesPro */ = {
			isa = PBXGroup;
			children = (
				3A107A932C51CA9500EDD876 /* Application */,
				3A0FCC412C4BE6C100A6B67F /* Presentation */,
				3AA0D14B2C4768360091D84B /* Data */,
				3A0FCC0F2C4A43D000A6B67F /* Domain */,
				3A7DBC3A2C3E48A400FF9CEB /* Assets.xcassets */,
				3A0FCC0D2C481AC100A6B67F /* Localizable.xcstrings */,
				3A7DBC3C2C3E48A400FF9CEB /* Preview Content */,
			);
			path = NotesPro;
			sourceTree = "<group>";
		};
		3A7DBC3C2C3E48A400FF9CEB /* Preview Content */ = {
			isa = PBXGroup;
			children = (
				3A7DBC3D2C3E48A400FF9CEB /* Preview Assets.xcassets */,
			);
			path = "Preview Content";
			sourceTree = "<group>";
		};
		3AA0D14B2C4768360091D84B /* Data */ = {
			isa = PBXGroup;
			children = (
				3A17F6BC2C6267B800F93920 /* Local */,
				3A107B272C5B9C5400EDD876 /* ReminderService */,
				3A107B062C5B05AC00EDD876 /* AIService */,
				3A107B262C5B9A2F00EDD876 /* Utils */,
			);
			path = Data;
			sourceTree = "<group>";
		};
		3AA0D1552C4768BE0091D84B /* Error */ = {
			isa = PBXGroup;
			children = (
				3AA0D1562C4768D30091D84B /* ResponseError.swift */,
			);
			path = Error;
			sourceTree = "<group>";
		};
		3AA0D1582C4768F50091D84B /* DummyData */ = {
			isa = PBXGroup;
			children = (
				3AA0D1592C4769020091D84B /* Habit+Dummy.swift */,
			);
			path = DummyData;
			sourceTree = "<group>";
		};
/* End PBXGroup section */

/* Begin PBXNativeTarget section */
		3A7DBC322C3E48A200FF9CEB /* NotesPro */ = {
			isa = PBXNativeTarget;
			buildConfigurationList = 3A7DBC412C3E48A400FF9CEB /* Build configuration list for PBXNativeTarget "NotesPro" */;
			buildPhases = (
				3A7DBC2F2C3E48A200FF9CEB /* Sources */,
				3A7DBC302C3E48A200FF9CEB /* Frameworks */,
				3A7DBC312C3E48A200FF9CEB /* Resources */,
			);
			buildRules = (
			);
			dependencies = (
			);
			name = NotesPro;
			productName = NotesPro;
			productReference = 3A7DBC332C3E48A200FF9CEB /* NotesPro.app */;
			productType = "com.apple.product-type.application";
		};
/* End PBXNativeTarget section */

/* Begin PBXProject section */
		3A7DBC2B2C3E48A200FF9CEB /* Project object */ = {
			isa = PBXProject;
			attributes = {
				BuildIndependentTargetsInParallel = 1;
				LastSwiftUpdateCheck = 1540;
				LastUpgradeCheck = 1540;
				TargetAttributes = {
					3A7DBC322C3E48A200FF9CEB = {
						CreatedOnToolsVersion = 15.4;
					};
				};
			};
			buildConfigurationList = 3A7DBC2E2C3E48A200FF9CEB /* Build configuration list for PBXProject "NotesPro" */;
			compatibilityVersion = "Xcode 14.0";
			developmentRegion = en;
			hasScannedForEncodings = 0;
			knownRegions = (
				en,
				Base,
				id,
			);
			mainGroup = 3A7DBC2A2C3E48A200FF9CEB;
			productRefGroup = 3A7DBC342C3E48A200FF9CEB /* Products */;
			projectDirPath = "";
			projectRoot = "";
			targets = (
				3A7DBC322C3E48A200FF9CEB /* NotesPro */,
			);
		};
/* End PBXProject section */

/* Begin PBXResourcesBuildPhase section */
		3A7DBC312C3E48A200FF9CEB /* Resources */ = {
			isa = PBXResourcesBuildPhase;
			buildActionMask = 2147483647;
			files = (
				3A7DBC3E2C3E48A400FF9CEB /* Preview Assets.xcassets in Resources */,
				3A7DBC3B2C3E48A400FF9CEB /* Assets.xcassets in Resources */,
				3A0FCC0E2C481AC100A6B67F /* Localizable.xcstrings in Resources */,
			);
			runOnlyForDeploymentPostprocessing = 0;
		};
/* End PBXResourcesBuildPhase section */

/* Begin PBXSourcesBuildPhase section */
		3A7DBC2F2C3E48A200FF9CEB /* Sources */ = {
			isa = PBXSourcesBuildPhase;
			buildActionMask = 2147483647;
			files = (
				3AA0D1402C47672F0091D84B /* HabitDetailView.swift in Sources */,
				3AA0D14D2C4768510091D84B /* SwiftDataManager.swift in Sources */,
				3A17F6B12C625E9D00F93920 /* TaskDataSource.swift in Sources */,
				3AA0D15A2C4769020091D84B /* Habit+Dummy.swift in Sources */,
				3A0FCC2D2C4A57D200A6B67F /* HabitRepository.swift in Sources */,
				3AA0D1462C4768040091D84B /* CalendarView.swift in Sources */,
				3A7DBC4E2C3E48D300FF9CEB /* AIService.swift in Sources */,
				3A107A8E2C4FF6A300EDD876 /* UpdateTaskUseCase.swift in Sources */,
				3A107B142C5B90F400EDD876 /* Recommendation.swift in Sources */,
				3A107AA62C527E5A00EDD876 /* EditHabitView.swift in Sources */,
				3A0FCC172C4A45B700A6B67F /* HabitModel.swift in Sources */,
				3A107AAA2C52ADB700EDD876 /* AppCoordinatorProtocol.swift in Sources */,
				3A107B092C5B05E600EDD876 /* DetailTaskViewModel.swift in Sources */,
				3A107B052C5A9BA900EDD876 /* AIHabitViewModel.swift in Sources */,
				3A0FCC612C4E907300A6B67F /* HabitListView.swift in Sources */,
				3AA0D1492C47680F0091D84B /* CalendarViewModel.swift in Sources */,
				3A107B0E2C5B8FA400EDD876 /* TypewriterTextView.swift in Sources */,
				3A7DBC572C3E48E300FF9CEB /* DailyTask.swift in Sources */,
				CDAF88162C41AA08005EA0B1 /* DetailTaskView.swift in Sources */,
				3A0FCC5D2C4E8E1400A6B67F /* AddNewHabitViewModel.swift in Sources */,
				3A13DCA42C626AF800EF253D /* MapperToData.swift in Sources */,
				3AA0D1512C4768870091D84B /* View+Extension.swift in Sources */,
				3A107B112C5B908100EDD876 /* RecommendationsResponse.swift in Sources */,
				3A107B192C5B91A000EDD876 /* BotBubble.swift in Sources */,
				3A17F6C12C6268C700F93920 /* TaskRepositoryImpl.swift in Sources */,
				3A13DCA22C626AE700EF253D /* MapperToDomain.swift in Sources */,
				3A107B222C5B95D700EDD876 /* HabitRowView.swift in Sources */,
				3A107B1D2C5B920900EDD876 /* RecommendationCard.swift in Sources */,
				3A17F69D2C61A43A00F93920 /* DailyTaskDefinition.swift in Sources */,
				3A107A992C5201D900EDD876 /* HabitDetailViewModel.swift in Sources */,
				3AA0D1452C4768040091D84B /* CheckboxTaskView.swift in Sources */,
				3A107B1F2C5B949900EDD876 /* LLMBlockingResponse.swift in Sources */,
				3A17F6AD2C625E8200F93920 /* HabitEntryRepositoryImpl.swift in Sources */,
				3A7DBC5A2C3E48E300FF9CEB /* Habit.swift in Sources */,
				3A0FCC472C4C098F00A6B67F /* HabitEntryModel.swift in Sources */,
				3A107A742C4F60B700EDD876 /* HabitEntryRepository.swift in Sources */,
				3A107A972C51D6F900EDD876 /* UpdateHabitEntryUseCase.swift in Sources */,
				3A107B1B2C5B91B400EDD876 /* UserBubble.swift in Sources */,
				3A107A952C51CAA400EDD876 /* AppDIContainer.swift in Sources */,
				3A17F6A52C625D4000F93920 /* TaskRepository.swift in Sources */,
				3AA0D14A2C47680F0091D84B /* HabitListViewModel.swift in Sources */,
				3A107AAC2C52ADC100EDD876 /* AppCoordinatorImpl.swift in Sources */,
				3A0FCC562C4CF20B00A6B67F /* TaskModel.swift in Sources */,
				E69767EF2C4614740020316E /* AIChatView.swift in Sources */,
				3A0FCC362C4A59CA00A6B67F /* HabitDataSource.swift in Sources */,
				3A7DBC372C3E48A200FF9CEB /* NotesProApp.swift in Sources */,
				3A0FCC4A2C4C922500A6B67F /* GetHabitsUseCase.swift in Sources */,
				E671A9F62C4113830008E410 /* DailyHabitEntry.swift in Sources */,
				3A0FCC242C4A508D00A6B67F /* HabitRepositoryImpl.swift in Sources */,
				3A0FCC5B2C4E8DF400A6B67F /* AddNewHabitView.swift in Sources */,
				3A107B172C5B912700EDD876 /* Message.swift in Sources */,
				3A0FCC332C4A588400A6B67F /* UpdateHabitUseCase.swift in Sources */,
				3AA0D1572C4768D30091D84B /* ResponseError.swift in Sources */,
				E66CAE6A2C462D4900CBAD48 /* AIOnboardingView.swift in Sources */,
				3A17F6B32C625EAA00F93920 /* HabitEntryDataSource.swift in Sources */,
				3A107AA42C527E3100EDD876 /* EditHabitViewModel.swift in Sources */,
				3A107A9B2C52077800EDD876 /* GetHabitEntryUseCase.swift in Sources */,
				3A0FCC312C4A584C00A6B67F /* DeleteHabitUseCase.swift in Sources */,
				3AA0D14F2C47686D0091D84B /* DayOfWeek.swift in Sources */,
				3A0FCC2F2C4A582100A6B67F /* AddHabitUseCase.swift in Sources */,
				CDAF88512C46972C005EA0B1 /* ReminderService.swift in Sources */,
				3A107AFB2C591D7000EDD876 /* CheckboxTaskViewModel.swift in Sources */,
			);
			runOnlyForDeploymentPostprocessing = 0;
		};
/* End PBXSourcesBuildPhase section */

/* Begin XCBuildConfiguration section */
		3A7DBC3F2C3E48A400FF9CEB /* Debug */ = {
			isa = XCBuildConfiguration;
			buildSettings = {
				ALWAYS_SEARCH_USER_PATHS = NO;
				ASSETCATALOG_COMPILER_GENERATE_SWIFT_ASSET_SYMBOL_EXTENSIONS = YES;
				CLANG_ANALYZER_NONNULL = YES;
				CLANG_ANALYZER_NUMBER_OBJECT_CONVERSION = YES_AGGRESSIVE;
				CLANG_CXX_LANGUAGE_STANDARD = "gnu++20";
				CLANG_ENABLE_MODULES = YES;
				CLANG_ENABLE_OBJC_ARC = YES;
				CLANG_ENABLE_OBJC_WEAK = YES;
				CLANG_WARN_BLOCK_CAPTURE_AUTORELEASING = YES;
				CLANG_WARN_BOOL_CONVERSION = YES;
				CLANG_WARN_COMMA = YES;
				CLANG_WARN_CONSTANT_CONVERSION = YES;
				CLANG_WARN_DEPRECATED_OBJC_IMPLEMENTATIONS = YES;
				CLANG_WARN_DIRECT_OBJC_ISA_USAGE = YES_ERROR;
				CLANG_WARN_DOCUMENTATION_COMMENTS = YES;
				CLANG_WARN_EMPTY_BODY = YES;
				CLANG_WARN_ENUM_CONVERSION = YES;
				CLANG_WARN_INFINITE_RECURSION = YES;
				CLANG_WARN_INT_CONVERSION = YES;
				CLANG_WARN_NON_LITERAL_NULL_CONVERSION = YES;
				CLANG_WARN_OBJC_IMPLICIT_RETAIN_SELF = YES;
				CLANG_WARN_OBJC_LITERAL_CONVERSION = YES;
				CLANG_WARN_OBJC_ROOT_CLASS = YES_ERROR;
				CLANG_WARN_QUOTED_INCLUDE_IN_FRAMEWORK_HEADER = YES;
				CLANG_WARN_RANGE_LOOP_ANALYSIS = YES;
				CLANG_WARN_STRICT_PROTOTYPES = YES;
				CLANG_WARN_SUSPICIOUS_MOVE = YES;
				CLANG_WARN_UNGUARDED_AVAILABILITY = YES_AGGRESSIVE;
				CLANG_WARN_UNREACHABLE_CODE = YES;
				CLANG_WARN__DUPLICATE_METHOD_MATCH = YES;
				COPY_PHASE_STRIP = NO;
				DEBUG_INFORMATION_FORMAT = dwarf;
				ENABLE_STRICT_OBJC_MSGSEND = YES;
				ENABLE_TESTABILITY = YES;
				ENABLE_USER_SCRIPT_SANDBOXING = YES;
				GCC_C_LANGUAGE_STANDARD = gnu17;
				GCC_DYNAMIC_NO_PIC = NO;
				GCC_NO_COMMON_BLOCKS = YES;
				GCC_OPTIMIZATION_LEVEL = 0;
				GCC_PREPROCESSOR_DEFINITIONS = (
					"DEBUG=1",
					"$(inherited)",
				);
				GCC_WARN_64_TO_32_BIT_CONVERSION = YES;
				GCC_WARN_ABOUT_RETURN_TYPE = YES_ERROR;
				GCC_WARN_UNDECLARED_SELECTOR = YES;
				GCC_WARN_UNINITIALIZED_AUTOS = YES_AGGRESSIVE;
				GCC_WARN_UNUSED_FUNCTION = YES;
				GCC_WARN_UNUSED_VARIABLE = YES;
				IPHONEOS_DEPLOYMENT_TARGET = 17.5;
				LOCALIZATION_PREFERS_STRING_CATALOGS = YES;
				MTL_ENABLE_DEBUG_INFO = INCLUDE_SOURCE;
				MTL_FAST_MATH = YES;
				ONLY_ACTIVE_ARCH = YES;
				SDKROOT = iphoneos;
				SWIFT_ACTIVE_COMPILATION_CONDITIONS = "DEBUG $(inherited)";
				SWIFT_OPTIMIZATION_LEVEL = "-Onone";
			};
			name = Debug;
		};
		3A7DBC402C3E48A400FF9CEB /* Release */ = {
			isa = XCBuildConfiguration;
			buildSettings = {
				ALWAYS_SEARCH_USER_PATHS = NO;
				ASSETCATALOG_COMPILER_GENERATE_SWIFT_ASSET_SYMBOL_EXTENSIONS = YES;
				CLANG_ANALYZER_NONNULL = YES;
				CLANG_ANALYZER_NUMBER_OBJECT_CONVERSION = YES_AGGRESSIVE;
				CLANG_CXX_LANGUAGE_STANDARD = "gnu++20";
				CLANG_ENABLE_MODULES = YES;
				CLANG_ENABLE_OBJC_ARC = YES;
				CLANG_ENABLE_OBJC_WEAK = YES;
				CLANG_WARN_BLOCK_CAPTURE_AUTORELEASING = YES;
				CLANG_WARN_BOOL_CONVERSION = YES;
				CLANG_WARN_COMMA = YES;
				CLANG_WARN_CONSTANT_CONVERSION = YES;
				CLANG_WARN_DEPRECATED_OBJC_IMPLEMENTATIONS = YES;
				CLANG_WARN_DIRECT_OBJC_ISA_USAGE = YES_ERROR;
				CLANG_WARN_DOCUMENTATION_COMMENTS = YES;
				CLANG_WARN_EMPTY_BODY = YES;
				CLANG_WARN_ENUM_CONVERSION = YES;
				CLANG_WARN_INFINITE_RECURSION = YES;
				CLANG_WARN_INT_CONVERSION = YES;
				CLANG_WARN_NON_LITERAL_NULL_CONVERSION = YES;
				CLANG_WARN_OBJC_IMPLICIT_RETAIN_SELF = YES;
				CLANG_WARN_OBJC_LITERAL_CONVERSION = YES;
				CLANG_WARN_OBJC_ROOT_CLASS = YES_ERROR;
				CLANG_WARN_QUOTED_INCLUDE_IN_FRAMEWORK_HEADER = YES;
				CLANG_WARN_RANGE_LOOP_ANALYSIS = YES;
				CLANG_WARN_STRICT_PROTOTYPES = YES;
				CLANG_WARN_SUSPICIOUS_MOVE = YES;
				CLANG_WARN_UNGUARDED_AVAILABILITY = YES_AGGRESSIVE;
				CLANG_WARN_UNREACHABLE_CODE = YES;
				CLANG_WARN__DUPLICATE_METHOD_MATCH = YES;
				COPY_PHASE_STRIP = NO;
				DEBUG_INFORMATION_FORMAT = "dwarf-with-dsym";
				ENABLE_NS_ASSERTIONS = NO;
				ENABLE_STRICT_OBJC_MSGSEND = YES;
				ENABLE_USER_SCRIPT_SANDBOXING = YES;
				GCC_C_LANGUAGE_STANDARD = gnu17;
				GCC_NO_COMMON_BLOCKS = YES;
				GCC_WARN_64_TO_32_BIT_CONVERSION = YES;
				GCC_WARN_ABOUT_RETURN_TYPE = YES_ERROR;
				GCC_WARN_UNDECLARED_SELECTOR = YES;
				GCC_WARN_UNINITIALIZED_AUTOS = YES_AGGRESSIVE;
				GCC_WARN_UNUSED_FUNCTION = YES;
				GCC_WARN_UNUSED_VARIABLE = YES;
				IPHONEOS_DEPLOYMENT_TARGET = 17.5;
				LOCALIZATION_PREFERS_STRING_CATALOGS = YES;
				MTL_ENABLE_DEBUG_INFO = NO;
				MTL_FAST_MATH = YES;
				SDKROOT = iphoneos;
				SWIFT_COMPILATION_MODE = wholemodule;
				VALIDATE_PRODUCT = YES;
			};
			name = Release;
		};
		3A7DBC422C3E48A400FF9CEB /* Debug */ = {
			isa = XCBuildConfiguration;
			buildSettings = {
				ASSETCATALOG_COMPILER_APPICON_NAME = AppIcon;
				ASSETCATALOG_COMPILER_GLOBAL_ACCENT_COLOR_NAME = AccentColor;
				CODE_SIGN_STYLE = Automatic;
				CURRENT_PROJECT_VERSION = 1;
				DEVELOPMENT_ASSET_PATHS = "\"NotesPro/Preview Content\"";
				DEVELOPMENT_TEAM = J4KR4C3C23;
				ENABLE_PREVIEWS = YES;
				GENERATE_INFOPLIST_FILE = YES;
				INFOPLIST_KEY_UIApplicationSceneManifest_Generation = YES;
				INFOPLIST_KEY_UIApplicationSupportsIndirectInputEvents = YES;
				INFOPLIST_KEY_UILaunchScreen_Generation = YES;
				INFOPLIST_KEY_UISupportedInterfaceOrientations_iPad = "UIInterfaceOrientationPortrait UIInterfaceOrientationPortraitUpsideDown UIInterfaceOrientationLandscapeLeft UIInterfaceOrientationLandscapeRight";
				INFOPLIST_KEY_UISupportedInterfaceOrientations_iPhone = "UIInterfaceOrientationPortrait UIInterfaceOrientationLandscapeLeft UIInterfaceOrientationLandscapeRight";
				IPHONEOS_DEPLOYMENT_TARGET = 17.5;
				LD_RUNPATH_SEARCH_PATHS = (
					"$(inherited)",
					"@executable_path/Frameworks",
				);
				MARKETING_VERSION = 1.0;
				PRODUCT_BUNDLE_IDENTIFIER = id.helmproyek.notespro;
				PRODUCT_NAME = "$(TARGET_NAME)";
				SWIFT_EMIT_LOC_STRINGS = YES;
				SWIFT_VERSION = 5.0;
				TARGETED_DEVICE_FAMILY = "1,2";
			};
			name = Debug;
		};
		3A7DBC432C3E48A400FF9CEB /* Release */ = {
			isa = XCBuildConfiguration;
			buildSettings = {
				ASSETCATALOG_COMPILER_APPICON_NAME = AppIcon;
				ASSETCATALOG_COMPILER_GLOBAL_ACCENT_COLOR_NAME = AccentColor;
				CODE_SIGN_STYLE = Automatic;
				CURRENT_PROJECT_VERSION = 1;
				DEVELOPMENT_ASSET_PATHS = "\"NotesPro/Preview Content\"";
				DEVELOPMENT_TEAM = J4KR4C3C23;
				ENABLE_PREVIEWS = YES;
				GENERATE_INFOPLIST_FILE = YES;
				INFOPLIST_KEY_UIApplicationSceneManifest_Generation = YES;
				INFOPLIST_KEY_UIApplicationSupportsIndirectInputEvents = YES;
				INFOPLIST_KEY_UILaunchScreen_Generation = YES;
				INFOPLIST_KEY_UISupportedInterfaceOrientations_iPad = "UIInterfaceOrientationPortrait UIInterfaceOrientationPortraitUpsideDown UIInterfaceOrientationLandscapeLeft UIInterfaceOrientationLandscapeRight";
				INFOPLIST_KEY_UISupportedInterfaceOrientations_iPhone = "UIInterfaceOrientationPortrait UIInterfaceOrientationLandscapeLeft UIInterfaceOrientationLandscapeRight";
				IPHONEOS_DEPLOYMENT_TARGET = 17.5;
				LD_RUNPATH_SEARCH_PATHS = (
					"$(inherited)",
					"@executable_path/Frameworks",
				);
				MARKETING_VERSION = 1.0;
				PRODUCT_BUNDLE_IDENTIFIER = id.helmproyek.notespro;
				PRODUCT_NAME = "$(TARGET_NAME)";
				SWIFT_EMIT_LOC_STRINGS = YES;
				SWIFT_VERSION = 5.0;
				TARGETED_DEVICE_FAMILY = "1,2";
			};
			name = Release;
		};
/* End XCBuildConfiguration section */

/* Begin XCConfigurationList section */
		3A7DBC2E2C3E48A200FF9CEB /* Build configuration list for PBXProject "NotesPro" */ = {
			isa = XCConfigurationList;
			buildConfigurations = (
				3A7DBC3F2C3E48A400FF9CEB /* Debug */,
				3A7DBC402C3E48A400FF9CEB /* Release */,
			);
			defaultConfigurationIsVisible = 0;
			defaultConfigurationName = Release;
		};
		3A7DBC412C3E48A400FF9CEB /* Build configuration list for PBXNativeTarget "NotesPro" */ = {
			isa = XCConfigurationList;
			buildConfigurations = (
				3A7DBC422C3E48A400FF9CEB /* Debug */,
				3A7DBC432C3E48A400FF9CEB /* Release */,
			);
			defaultConfigurationIsVisible = 0;
			defaultConfigurationName = Release;
		};
/* End XCConfigurationList section */
	};
	rootObject = 3A7DBC2B2C3E48A200FF9CEB /* Project object */;
}
